// !$*UTF8*$!
{
	archiveVersion = 1;
	classes = {
	};
	objectVersion = 46;
	objects = {

/* Begin PBXBuildFile section */
		4A39A89232F472FAA868B4EB /* libPods.a in Frameworks */ = {isa = PBXBuildFile; fileRef = DCCE54AD975929494FE5A76D /* libPods.a */; };
		81C7F405F41A0E7F648738E4 /* MomentScene.m in Sources */ = {isa = PBXBuildFile; fileRef = 81C7FEA317AC6BEE5F81DA81 /* MomentScene.m */; };
		C3602A791B48B246006DF6C8 /* UserListRequest.m in Sources */ = {isa = PBXBuildFile; fileRef = C3602A781B48B246006DF6C8 /* UserListRequest.m */; };
		C3602A7C1B48DB48006DF6C8 /* UserList.m in Sources */ = {isa = PBXBuildFile; fileRef = C3602A7B1B48DB48006DF6C8 /* UserList.m */; };
		C3602A7F1B48DC0E006DF6C8 /* User.m in Sources */ = {isa = PBXBuildFile; fileRef = C3602A7E1B48DC0D006DF6C8 /* User.m */; };
		C37936AB1B5113F100BDC3C3 /* UserScene.m in Sources */ = {isa = PBXBuildFile; fileRef = C37936AA1B5113F100BDC3C3 /* UserScene.m */; };
		C37936AF1B511A4B00BDC3C3 /* ChatScene.m in Sources */ = {isa = PBXBuildFile; fileRef = C37936AE1B511A4B00BDC3C3 /* ChatScene.m */; };
		C37936B61B51451100BDC3C3 /* NSDate+Category.m in Sources */ = {isa = PBXBuildFile; fileRef = C37936B51B51451100BDC3C3 /* NSDate+Category.m */; };
		C37936B91B51453C00BDC3C3 /* NSDateFormatter+Category.m in Sources */ = {isa = PBXBuildFile; fileRef = C37936B81B51453C00BDC3C3 /* NSDateFormatter+Category.m */; };
		C3BEC7611B51EE9400FB5474 /* ChatSceneModel.m in Sources */ = {isa = PBXBuildFile; fileRef = C3BEC7601B51EE9400FB5474 /* ChatSceneModel.m */; };
		C3FB7D5A1B526DAB00A6B581 /* UserDetailsRequest.m in Sources */ = {isa = PBXBuildFile; fileRef = C3FB7D591B526DAB00A6B581 /* UserDetailsRequest.m */; };
		D60297B91A98BAC7003575F2 /* Aspect-Window.m in Sources */ = {isa = PBXBuildFile; fileRef = D60297B81A98BAC7003575F2 /* Aspect-Window.m */; };
		D60297BC1A98BB5E003575F2 /* TabBarController.m in Sources */ = {isa = PBXBuildFile; fileRef = D60297BB1A98BB5E003575F2 /* TabBarController.m */; };
		D60297BF1A98BC25003575F2 /* RDNavigationController.m in Sources */ = {isa = PBXBuildFile; fileRef = D60297BE1A98BC25003575F2 /* RDNavigationController.m */; };
		D60297C11A98C518003575F2 /* Aspect-Appearance.m in Sources */ = {isa = PBXBuildFile; fileRef = D60297C01A98C518003575F2 /* Aspect-Appearance.m */; };
		D60297C41A98C64D003575F2 /* XinGothic.otf in Resources */ = {isa = PBXBuildFile; fileRef = D60297C31A98C64D003575F2 /* XinGothic.otf */; };
		D60297C61A98C679003575F2 /* Aspect-Font.m in Sources */ = {isa = PBXBuildFile; fileRef = D60297C51A98C679003575F2 /* Aspect-Font.m */; };
		D6041B5B1B81914F00EC0CC3 /* FXBlurView.m in Sources */ = {isa = PBXBuildFile; fileRef = D6041B5A1B81914F00EC0CC3 /* FXBlurView.m */; };
		D6041B5E1B827E7300EC0CC3 /* UserSectionHeader.m in Sources */ = {isa = PBXBuildFile; fileRef = D6041B5D1B827E7300EC0CC3 /* UserSectionHeader.m */; };
		D6041B611B82ABCC00EC0CC3 /* AddContactScene.m in Sources */ = {isa = PBXBuildFile; fileRef = D6041B601B82ABCC00EC0CC3 /* AddContactScene.m */; };
		D6099B4F1B608E3900ECA44F /* SignUpScene.m in Sources */ = {isa = PBXBuildFile; fileRef = D6099B4E1B608E3900ECA44F /* SignUpScene.m */; };
		D621D74F1B63A3F8006D058C /* PrimaryButton.m in Sources */ = {isa = PBXBuildFile; fileRef = D621D74E1B63A3F8006D058C /* PrimaryButton.m */; };
		D62703731B89349100C32C0A /* CityList.m in Sources */ = {isa = PBXBuildFile; fileRef = D62703721B89349100C32C0A /* CityList.m */; };
		D62703761B8934D900C32C0A /* City.m in Sources */ = {isa = PBXBuildFile; fileRef = D62703751B8934D900C32C0A /* City.m */; };
		D62703791B89701F00C32C0A /* EditProfileSceneModel.m in Sources */ = {isa = PBXBuildFile; fileRef = D62703781B89701F00C32C0A /* EditProfileSceneModel.m */; };
		D62A39B31A7F0AB9007347B5 /* main.m in Sources */ = {isa = PBXBuildFile; fileRef = D62A39B21A7F0AB9007347B5 /* main.m */; };
		D62A39B61A7F0AB9007347B5 /* AppDelegate.m in Sources */ = {isa = PBXBuildFile; fileRef = D62A39B51A7F0AB9007347B5 /* AppDelegate.m */; };
		D62A39C11A7F0AB9007347B5 /* Images.xcassets in Resources */ = {isa = PBXBuildFile; fileRef = D62A39C01A7F0AB9007347B5 /* Images.xcassets */; };
		D62A39D01A7F0AB9007347B5 /* iosappTests.m in Sources */ = {isa = PBXBuildFile; fileRef = D62A39CF1A7F0AB9007347B5 /* iosappTests.m */; };
		D63406211B72D213000C8EA1 /* NewCommentRequest.m in Sources */ = {isa = PBXBuildFile; fileRef = D63406201B72D213000C8EA1 /* NewCommentRequest.m */; };
		D63406271B7332CF000C8EA1 /* LikeButton.m in Sources */ = {isa = PBXBuildFile; fileRef = D63406261B7332CF000C8EA1 /* LikeButton.m */; };
		D643569D1B6C3F5200630A39 /* NewMomentScene.m in Sources */ = {isa = PBXBuildFile; fileRef = D643569C1B6C3F5200630A39 /* NewMomentScene.m */; };
		D64356A01B6C757000630A39 /* NewMomentSceneModel.m in Sources */ = {isa = PBXBuildFile; fileRef = D643569F1B6C757000630A39 /* NewMomentSceneModel.m */; };
		D64356A41B6CFED200630A39 /* NotificationScene.m in Sources */ = {isa = PBXBuildFile; fileRef = D64356A31B6CFED200630A39 /* NotificationScene.m */; };
		D64356A81B6CFF5B00630A39 /* DiscoverScene.m in Sources */ = {isa = PBXBuildFile; fileRef = D64356A71B6CFF5B00630A39 /* DiscoverScene.m */; };
		D65675E01B72ABE000788146 /* Aspect-Context.m in Sources */ = {isa = PBXBuildFile; fileRef = D65675DF1B72ABE000788146 /* Aspect-Context.m */; };
		D65675E31B72ACC600788146 /* ContextSceneModel.m in Sources */ = {isa = PBXBuildFile; fileRef = D65675E21B72ACC600788146 /* ContextSceneModel.m */; };
		D65675E61B72B06300788146 /* CustomDatabase.m in Sources */ = {isa = PBXBuildFile; fileRef = D65675E51B72B06300788146 /* CustomDatabase.m */; };
		D659DA841B6602D90084D678 /* Aspect-TuSDK.m in Sources */ = {isa = PBXBuildFile; fileRef = D659DA831B6602D90084D678 /* Aspect-TuSDK.m */; };
		D65AEAB91B679B7B0074313A /* Aspect-QiniuSDK.m in Sources */ = {isa = PBXBuildFile; fileRef = D65AEAB81B679B7B0074313A /* Aspect-QiniuSDK.m */; };
		D65AEABC1B68624B0074313A /* RegisterRequest.m in Sources */ = {isa = PBXBuildFile; fileRef = D65AEABB1B68624B0074313A /* RegisterRequest.m */; };
		D65AEABF1B689AAC0074313A /* AvatarSceneModel.m in Sources */ = {isa = PBXBuildFile; fileRef = D65AEABE1B689AAC0074313A /* AvatarSceneModel.m */; };
		D65AEAC21B689E400074313A /* UpdateUserRequest.m in Sources */ = {isa = PBXBuildFile; fileRef = D65AEAC11B689E400074313A /* UpdateUserRequest.m */; };
		D65AEAC51B68A4D90074313A /* QiniuUploader+Url.m in Sources */ = {isa = PBXBuildFile; fileRef = D65AEAC41B68A4D90074313A /* QiniuUploader+Url.m */; };
		D65AEAC81B690EFD0074313A /* BaseSceneModel.m in Sources */ = {isa = PBXBuildFile; fileRef = D65AEAC71B690EFD0074313A /* BaseSceneModel.m */; };
		D65AEACE1B6913140074313A /* CustomAction.m in Sources */ = {isa = PBXBuildFile; fileRef = D65AEACD1B6913140074313A /* CustomAction.m */; };
		D65AEAD11B6974720074313A /* NewMomentRequest.m in Sources */ = {isa = PBXBuildFile; fileRef = D65AEAD01B6974720074313A /* NewMomentRequest.m */; };
		D65C9C661B7B1697000F6B9D /* UserByIdRequest.m in Sources */ = {isa = PBXBuildFile; fileRef = D65C9C651B7B1697000F6B9D /* UserByIdRequest.m */; };
		D661508F1B63C06D009F33A4 /* Aspect-ShareSDK.m in Sources */ = {isa = PBXBuildFile; fileRef = D661508E1B63C06D009F33A4 /* Aspect-ShareSDK.m */; };
		D661EF551B4CE5310019B280 /* SplashScene.m in Sources */ = {isa = PBXBuildFile; fileRef = D661EF541B4CE5310019B280 /* SplashScene.m */; };
		D661EF5D1B4DC0BB0019B280 /* SignInScene.m in Sources */ = {isa = PBXBuildFile; fileRef = D661EF5C1B4DC0BB0019B280 /* SignInScene.m */; };
		D661EF601B4DE3F50019B280 /* SignInSceneModel.m in Sources */ = {isa = PBXBuildFile; fileRef = D661EF5F1B4DE3F50019B280 /* SignInSceneModel.m */; };
		D661EF631B4DE9610019B280 /* LoginRequest.m in Sources */ = {isa = PBXBuildFile; fileRef = D661EF621B4DE9610019B280 /* LoginRequest.m */; };
		D661EF661B4DEB9A0019B280 /* Profile.m in Sources */ = {isa = PBXBuildFile; fileRef = D661EF651B4DEB9A0019B280 /* Profile.m */; };
		D661EF6A1B4DEDA80019B280 /* KeyChainUtil.m in Sources */ = {isa = PBXBuildFile; fileRef = D661EF691B4DEDA80019B280 /* KeyChainUtil.m */; };
		D66304BC1B77692C0081B5A3 /* MomentNotificationCell.m in Sources */ = {isa = PBXBuildFile; fileRef = D66304BB1B77692C0081B5A3 /* MomentNotificationCell.m */; };
		D66304BF1B776E320081B5A3 /* ContactNotificationCell.m in Sources */ = {isa = PBXBuildFile; fileRef = D66304BE1B776E320081B5A3 /* ContactNotificationCell.m */; };
		D67332251B44F7D900A1D525 /* MomentListSceneModel.m in Sources */ = {isa = PBXBuildFile; fileRef = D67332221B44F75B00A1D525 /* MomentListSceneModel.m */; };
		D67332281B44F80F00A1D525 /* Moment.m in Sources */ = {isa = PBXBuildFile; fileRef = D67332271B44F80F00A1D525 /* Moment.m */; };
		D673322B1B4507E400A1D525 /* MomentListRequest.m in Sources */ = {isa = PBXBuildFile; fileRef = D673322A1B4507E400A1D525 /* MomentListRequest.m */; };
		D673322F1B450DA300A1D525 /* BaseRequest.m in Sources */ = {isa = PBXBuildFile; fileRef = D673322E1B450DA300A1D525 /* BaseRequest.m */; };
		D67535101B64EE5D00B09245 /* AvatarScene.m in Sources */ = {isa = PBXBuildFile; fileRef = D675350F1B64EE5D00B09245 /* AvatarScene.m */; };
		D6B13AE01B6F81A000930F66 /* MomentDetailsSceneModel.m in Sources */ = {isa = PBXBuildFile; fileRef = D6B13ADF1B6F81A000930F66 /* MomentDetailsSceneModel.m */; };
		D6B13AE31B70092C00930F66 /* CommentListRequest.m in Sources */ = {isa = PBXBuildFile; fileRef = D6B13AE21B70092C00930F66 /* CommentListRequest.m */; };
		D6B13AE61B70099200930F66 /* CommentList.m in Sources */ = {isa = PBXBuildFile; fileRef = D6B13AE51B70099200930F66 /* CommentList.m */; };
		D6B13AE91B700A2E00930F66 /* Comment.m in Sources */ = {isa = PBXBuildFile; fileRef = D6B13AE81B700A2E00930F66 /* Comment.m */; };
		D6B13AEC1B700E9E00930F66 /* CommentCell.m in Sources */ = {isa = PBXBuildFile; fileRef = D6B13AEB1B700E9E00930F66 /* CommentCell.m */; };
		D6B13AEF1B7029EB00930F66 /* CommentCellSceneModel.m in Sources */ = {isa = PBXBuildFile; fileRef = D6B13AEE1B7029EB00930F66 /* CommentCellSceneModel.m */; };
		D6BD3C381B60C1DB00E92870 /* CountryScene.m in Sources */ = {isa = PBXBuildFile; fileRef = D6BD3C371B60C1DB00E92870 /* CountryScene.m */; };
		D6C91ECD1B9C1ECE006A32F9 /* TagView.m in Sources */ = {isa = PBXBuildFile; fileRef = D6C91ECC1B9C1ECE006A32F9 /* TagView.m */; };
		D6C91ED01B9C2494006A32F9 /* PinView.m in Sources */ = {isa = PBXBuildFile; fileRef = D6C91ECF1B9C2494006A32F9 /* PinView.m */; };
		D6C91ED31B9C5111006A32F9 /* TagPanGestureRecognizer.m in Sources */ = {isa = PBXBuildFile; fileRef = D6C91ED21B9C5111006A32F9 /* TagPanGestureRecognizer.m */; };
		D6C91ED61B9F84FA006A32F9 /* Tag.m in Sources */ = {isa = PBXBuildFile; fileRef = D6C91ED51B9F84FA006A32F9 /* Tag.m */; };
		D6D554D11B841D4900004328 /* ProfileAvatarView.m in Sources */ = {isa = PBXBuildFile; fileRef = D6D554D01B841D4900004328 /* ProfileAvatarView.m */; };
		D6D554D41B84AFEC00004328 /* EditProfileScene.m in Sources */ = {isa = PBXBuildFile; fileRef = D6D554D31B84AFEC00004328 /* EditProfileScene.m */; };
		D6D554DB1B85445300004328 /* ContactListScene.m in Sources */ = {isa = PBXBuildFile; fileRef = D6D554DA1B85445300004328 /* ContactListScene.m */; };
		D6D554DE1B8670AA00004328 /* ContactListSceneModel.m in Sources */ = {isa = PBXBuildFile; fileRef = D6D554DD1B8670AA00004328 /* ContactListSceneModel.m */; };
		D6D554E11B8676E100004328 /* ContactCell.m in Sources */ = {isa = PBXBuildFile; fileRef = D6D554E01B8676E100004328 /* ContactCell.m */; };
		D6D554E51B87DA5B00004328 /* SettingsScene.m in Sources */ = {isa = PBXBuildFile; fileRef = D6D554E41B87DA5B00004328 /* SettingsScene.m */; };
		D6D554E81B88A05C00004328 /* CountryRequest.m in Sources */ = {isa = PBXBuildFile; fileRef = D6D554E71B88A05C00004328 /* CountryRequest.m */; };
		D6D554EB1B88A17500004328 /* CountryList.m in Sources */ = {isa = PBXBuildFile; fileRef = D6D554EA1B88A17500004328 /* CountryList.m */; };
		D6D554EE1B892E2600004328 /* CityRequest.m in Sources */ = {isa = PBXBuildFile; fileRef = D6D554ED1B892E2600004328 /* CityRequest.m */; };
		D6D5BDC11B4F787600D6045F /* URLManage.plist in Resources */ = {isa = PBXBuildFile; fileRef = D6D5BDC01B4F787600D6045F /* URLManage.plist */; };
		D6D5BDC51B4F835100D6045F /* Aspect-Config.m in Sources */ = {isa = PBXBuildFile; fileRef = D6D5BDC41B4F835100D6045F /* Aspect-Config.m */; };
		D6D5BDC91B4F89F300D6045F /* ProfileScene.m in Sources */ = {isa = PBXBuildFile; fileRef = D6D5BDC81B4F89F300D6045F /* ProfileScene.m */; };
		D6D5BDCB1B4F9F6C00D6045F /* Aspect-EaseMob.m in Sources */ = {isa = PBXBuildFile; fileRef = D6D5BDCA1B4F9F6C00D6045F /* Aspect-EaseMob.m */; };
		D6D5E2421B61A5DF0027B0D9 /* CountryCell.m in Sources */ = {isa = PBXBuildFile; fileRef = D6D5E2411B61A5DF0027B0D9 /* CountryCell.m */; };
		D6D5E2451B61AA480027B0D9 /* Country.m in Sources */ = {isa = PBXBuildFile; fileRef = D6D5E2441B61AA480027B0D9 /* Country.m */; };
		D6D5E2481B61E6690027B0D9 /* SIgnUpSceneModel.m in Sources */ = {isa = PBXBuildFile; fileRef = D6D5E2471B61E6690027B0D9 /* SIgnUpSceneModel.m */; };
		D6D5E24E1B6200E90027B0D9 /* SMS_SDKLocalizable.strings in Resources */ = {isa = PBXBuildFile; fileRef = D6D5E24A1B6200E90027B0D9 /* SMS_SDKLocalizable.strings */; };
		D6D5E24F1B6200E90027B0D9 /* SMS_SDK.framework in Frameworks */ = {isa = PBXBuildFile; fileRef = D6D5E24C1B6200E90027B0D9 /* SMS_SDK.framework */; };
		D6D5E2511B6201110027B0D9 /* libicucore.dylib in Frameworks */ = {isa = PBXBuildFile; fileRef = D6D5E2501B6201110027B0D9 /* libicucore.dylib */; };
		D6D5E2531B6201200027B0D9 /* libz.dylib in Frameworks */ = {isa = PBXBuildFile; fileRef = D6D5E2521B6201200027B0D9 /* libz.dylib */; };
		D6D5E2551B62012C0027B0D9 /* MessageUI.framework in Frameworks */ = {isa = PBXBuildFile; fileRef = D6D5E2541B62012C0027B0D9 /* MessageUI.framework */; };
		D6D5E2581B635A020027B0D9 /* VerifyScene.m in Sources */ = {isa = PBXBuildFile; fileRef = D6D5E2571B635A020027B0D9 /* VerifyScene.m */; };
		D6D5E25B1B636EF30027B0D9 /* VerifySceneModel.m in Sources */ = {isa = PBXBuildFile; fileRef = D6D5E25A1B636EF30027B0D9 /* VerifySceneModel.m */; };
		D6D665171B7C57E300EB52DF /* PhotoCell.m in Sources */ = {isa = PBXBuildFile; fileRef = D6D665161B7C57E300EB52DF /* PhotoCell.m */; };
		D6D6651A1B7E9ACA00EB52DF /* UserHeader.m in Sources */ = {isa = PBXBuildFile; fileRef = D6D665191B7E9ACA00EB52DF /* UserHeader.m */; };
		D6D728241B5924F8000277F0 /* Localizable.strings in Resources */ = {isa = PBXBuildFile; fileRef = D6D728261B5924F8000277F0 /* Localizable.strings */; };
		D6D7E53A1B73609900F45996 /* UpdateMomentRequest.m in Sources */ = {isa = PBXBuildFile; fileRef = D6D7E5391B73609900F45996 /* UpdateMomentRequest.m */; };
		D6D7E53F1B741E5E00F45996 /* NotificationCell.m in Sources */ = {isa = PBXBuildFile; fileRef = D6D7E53E1B741E5E00F45996 /* NotificationCell.m */; };
		D6D7E5421B741F5200F45996 /* NotificationListSceneModel.m in Sources */ = {isa = PBXBuildFile; fileRef = D6D7E5411B741F5200F45996 /* NotificationListSceneModel.m */; };
		D6D7E5451B7420BD00F45996 /* Notification.m in Sources */ = {isa = PBXBuildFile; fileRef = D6D7E5441B7420BD00F45996 /* Notification.m */; };
		D6D7E5481B74496600F45996 /* Tab.m in Sources */ = {isa = PBXBuildFile; fileRef = D6D7E5471B74496600F45996 /* Tab.m */; };
		D6DAEE5D1B9903D70057B653 /* MomentTagScene.m in Sources */ = {isa = PBXBuildFile; fileRef = D6DAEE5C1B9903D70057B653 /* MomentTagScene.m */; };
		D6DAEE651B9BBE020057B653 /* SWNinePatchImageFactory.m in Sources */ = {isa = PBXBuildFile; fileRef = D6DAEE621B9BBE020057B653 /* SWNinePatchImageFactory.m */; };
		D6E0498A1B45238D00A867C8 /* MomentList.m in Sources */ = {isa = PBXBuildFile; fileRef = D6E049891B45238D00A867C8 /* MomentList.m */; };
		D6E0498D1B47B2DA00A867C8 /* MomentCell.m in Sources */ = {isa = PBXBuildFile; fileRef = D6E0498C1B47B2DA00A867C8 /* MomentCell.m */; };
		D6E049941B49447600A867C8 /* Aspect-Util.m in Sources */ = {isa = PBXBuildFile; fileRef = D6E049931B49447600A867C8 /* Aspect-Util.m */; };
		D6E2A4761B5C65D2008B3DC1 /* UserSceneModel.m in Sources */ = {isa = PBXBuildFile; fileRef = D6E2A4751B5C65D2008B3DC1 /* UserSceneModel.m */; };
		D6E2A4791B5C6AC7008B3DC1 /* UserDetails.m in Sources */ = {isa = PBXBuildFile; fileRef = D6E2A4781B5C6AC7008B3DC1 /* UserDetails.m */; };
		D6E499DB1B6EE4760006C67C /* MomentDetailsScene.m in Sources */ = {isa = PBXBuildFile; fileRef = D6E499DA1B6EE4760006C67C /* MomentDetailsScene.m */; };
		D6E499DE1B6F347B0006C67C /* MomentCellSceneModel.m in Sources */ = {isa = PBXBuildFile; fileRef = D6E499DD1B6F347B0006C67C /* MomentCellSceneModel.m */; };
		D6EB351C1B5D95770026E78C /* BaseScene.m in Sources */ = {isa = PBXBuildFile; fileRef = D6EB351B1B5D95770026E78C /* BaseScene.m */; };
		D6ECF1EF1B55AE19001C013A /* ConversationScene.m in Sources */ = {isa = PBXBuildFile; fileRef = D6ECF1EE1B55AE19001C013A /* ConversationScene.m */; };
		D6ECF1F31B55AFC1001C013A /* ConversationListSceneModel.m in Sources */ = {isa = PBXBuildFile; fileRef = D6ECF1F21B55AFC1001C013A /* ConversationListSceneModel.m */; };
		D6ECF1F61B55B0DC001C013A /* ConversationCell.m in Sources */ = {isa = PBXBuildFile; fileRef = D6ECF1F51B55B0DC001C013A /* ConversationCell.m */; };
		D6ECF1F91B55B4F9001C013A /* Conversation.m in Sources */ = {isa = PBXBuildFile; fileRef = D6ECF1F81B55B4F9001C013A /* Conversation.m */; };
		D6ECF1FC1B561877001C013A /* UserListByChatIdRequest.m in Sources */ = {isa = PBXBuildFile; fileRef = D6ECF1FB1B561877001C013A /* UserListByChatIdRequest.m */; };
		D6ECF1FF1B56772E001C013A /* ProfileRequest.m in Sources */ = {isa = PBXBuildFile; fileRef = D6ECF1FE1B56772E001C013A /* ProfileRequest.m */; };
		D6ECF2071B570133001C013A /* ChatSendHelper.m in Sources */ = {isa = PBXBuildFile; fileRef = D6ECF2061B570133001C013A /* ChatSendHelper.m */; };
		D6ECF20A1B576C1B001C013A /* BaseModel.m in Sources */ = {isa = PBXBuildFile; fileRef = D6ECF2091B576C1B001C013A /* BaseModel.m */; };
		D6ECF20D1B587B2A001C013A /* AvatarImageView.m in Sources */ = {isa = PBXBuildFile; fileRef = D6ECF20C1B587B2A001C013A /* AvatarImageView.m */; };
/* End PBXBuildFile section */

/* Begin PBXContainerItemProxy section */
		D62A39CA1A7F0AB9007347B5 /* PBXContainerItemProxy */ = {
			isa = PBXContainerItemProxy;
			containerPortal = D62A39A51A7F0AB9007347B5 /* Project object */;
			proxyType = 1;
			remoteGlobalIDString = D62A39AC1A7F0AB9007347B5;
			remoteInfo = iosapp;
		};
/* End PBXContainerItemProxy section */

/* Begin PBXFileReference section */
		37FF956BF805A7F61E92BD4C /* Pods.release.xcconfig */ = {isa = PBXFileReference; includeInIndex = 1; lastKnownFileType = text.xcconfig; name = Pods.release.xcconfig; path = "Pods/Target Support Files/Pods/Pods.release.xcconfig"; sourceTree = "<group>"; };
		57BF2565B97FD670D003AC9D /* Pods.debug.xcconfig */ = {isa = PBXFileReference; includeInIndex = 1; lastKnownFileType = text.xcconfig; name = Pods.debug.xcconfig; path = "Pods/Target Support Files/Pods/Pods.debug.xcconfig"; sourceTree = "<group>"; };
		81C7FEA317AC6BEE5F81DA81 /* MomentScene.m */ = {isa = PBXFileReference; fileEncoding = 4; lastKnownFileType = sourcecode.c.objc; path = MomentScene.m; sourceTree = "<group>"; };
		81C7FFDC1713FBB8CB28F336 /* MomentScene.h */ = {isa = PBXFileReference; fileEncoding = 4; lastKnownFileType = sourcecode.c.h; path = MomentScene.h; sourceTree = "<group>"; };
		C3602A771B48B218006DF6C8 /* UserListRequest.h */ = {isa = PBXFileReference; lastKnownFileType = sourcecode.c.h; path = UserListRequest.h; sourceTree = "<group>"; };
		C3602A781B48B246006DF6C8 /* UserListRequest.m */ = {isa = PBXFileReference; fileEncoding = 4; lastKnownFileType = sourcecode.c.objc; path = UserListRequest.m; sourceTree = "<group>"; };
		C3602A7A1B48DB21006DF6C8 /* UserList.h */ = {isa = PBXFileReference; lastKnownFileType = sourcecode.c.h; path = UserList.h; sourceTree = "<group>"; };
		C3602A7B1B48DB48006DF6C8 /* UserList.m */ = {isa = PBXFileReference; fileEncoding = 4; lastKnownFileType = sourcecode.c.objc; path = UserList.m; sourceTree = "<group>"; };
		C3602A7D1B48DBC1006DF6C8 /* User.h */ = {isa = PBXFileReference; lastKnownFileType = sourcecode.c.h; path = User.h; sourceTree = "<group>"; };
		C3602A7E1B48DC0D006DF6C8 /* User.m */ = {isa = PBXFileReference; fileEncoding = 4; lastKnownFileType = sourcecode.c.objc; path = User.m; sourceTree = "<group>"; };
		C37936A91B5113C800BDC3C3 /* UserScene.h */ = {isa = PBXFileReference; lastKnownFileType = sourcecode.c.h; path = UserScene.h; sourceTree = "<group>"; };
		C37936AA1B5113F100BDC3C3 /* UserScene.m */ = {isa = PBXFileReference; fileEncoding = 4; lastKnownFileType = sourcecode.c.objc; path = UserScene.m; sourceTree = "<group>"; };
		C37936AD1B511A1700BDC3C3 /* ChatScene.h */ = {isa = PBXFileReference; lastKnownFileType = sourcecode.c.h; path = ChatScene.h; sourceTree = "<group>"; };
		C37936AE1B511A4B00BDC3C3 /* ChatScene.m */ = {isa = PBXFileReference; fileEncoding = 4; lastKnownFileType = sourcecode.c.objc; path = ChatScene.m; sourceTree = "<group>"; };
		C37936B41B51451100BDC3C3 /* NSDate+Category.h */ = {isa = PBXFileReference; fileEncoding = 4; lastKnownFileType = sourcecode.c.h; path = "NSDate+Category.h"; sourceTree = "<group>"; };
		C37936B51B51451100BDC3C3 /* NSDate+Category.m */ = {isa = PBXFileReference; fileEncoding = 4; lastKnownFileType = sourcecode.c.objc; path = "NSDate+Category.m"; sourceTree = "<group>"; };
		C37936B71B51453C00BDC3C3 /* NSDateFormatter+Category.h */ = {isa = PBXFileReference; fileEncoding = 4; lastKnownFileType = sourcecode.c.h; path = "NSDateFormatter+Category.h"; sourceTree = "<group>"; };
		C37936B81B51453C00BDC3C3 /* NSDateFormatter+Category.m */ = {isa = PBXFileReference; fileEncoding = 4; lastKnownFileType = sourcecode.c.objc; path = "NSDateFormatter+Category.m"; sourceTree = "<group>"; };
		C3BEC75F1B51EE5C00FB5474 /* ChatSceneModel.h */ = {isa = PBXFileReference; lastKnownFileType = sourcecode.c.h; path = ChatSceneModel.h; sourceTree = "<group>"; };
		C3BEC7601B51EE9400FB5474 /* ChatSceneModel.m */ = {isa = PBXFileReference; fileEncoding = 4; lastKnownFileType = sourcecode.c.objc; path = ChatSceneModel.m; sourceTree = "<group>"; };
		C3FB7D581B526D7000A6B581 /* UserDetailsRequest.h */ = {isa = PBXFileReference; lastKnownFileType = sourcecode.c.h; path = UserDetailsRequest.h; sourceTree = "<group>"; };
		C3FB7D591B526DAB00A6B581 /* UserDetailsRequest.m */ = {isa = PBXFileReference; fileEncoding = 4; lastKnownFileType = sourcecode.c.objc; path = UserDetailsRequest.m; sourceTree = "<group>"; };
		D60297B81A98BAC7003575F2 /* Aspect-Window.m */ = {isa = PBXFileReference; fileEncoding = 4; lastKnownFileType = sourcecode.c.objc; name = "Aspect-Window.m"; path = "iosapp/Aspect-Window.m"; sourceTree = SOURCE_ROOT; };
		D60297BA1A98BB5E003575F2 /* TabBarController.h */ = {isa = PBXFileReference; fileEncoding = 4; lastKnownFileType = sourcecode.c.h; path = TabBarController.h; sourceTree = "<group>"; };
		D60297BB1A98BB5E003575F2 /* TabBarController.m */ = {isa = PBXFileReference; fileEncoding = 4; lastKnownFileType = sourcecode.c.objc; path = TabBarController.m; sourceTree = "<group>"; };
		D60297BD1A98BC25003575F2 /* RDNavigationController.h */ = {isa = PBXFileReference; fileEncoding = 4; lastKnownFileType = sourcecode.c.h; path = RDNavigationController.h; sourceTree = "<group>"; };
		D60297BE1A98BC25003575F2 /* RDNavigationController.m */ = {isa = PBXFileReference; fileEncoding = 4; lastKnownFileType = sourcecode.c.objc; path = RDNavigationController.m; sourceTree = "<group>"; };
		D60297C01A98C518003575F2 /* Aspect-Appearance.m */ = {isa = PBXFileReference; fileEncoding = 4; lastKnownFileType = sourcecode.c.objc; name = "Aspect-Appearance.m"; path = "iosapp/Aspect-Appearance.m"; sourceTree = SOURCE_ROOT; };
		D60297C31A98C64D003575F2 /* XinGothic.otf */ = {isa = PBXFileReference; lastKnownFileType = file; name = XinGothic.otf; path = Resource/XinGothic.otf; sourceTree = "<group>"; };
		D60297C51A98C679003575F2 /* Aspect-Font.m */ = {isa = PBXFileReference; fileEncoding = 4; lastKnownFileType = sourcecode.c.objc; path = "Aspect-Font.m"; sourceTree = "<group>"; };
		D6041B591B81914F00EC0CC3 /* FXBlurView.h */ = {isa = PBXFileReference; fileEncoding = 4; lastKnownFileType = sourcecode.c.h; path = FXBlurView.h; sourceTree = "<group>"; };
		D6041B5A1B81914F00EC0CC3 /* FXBlurView.m */ = {isa = PBXFileReference; fileEncoding = 4; lastKnownFileType = sourcecode.c.objc; path = FXBlurView.m; sourceTree = "<group>"; };
		D6041B5C1B827E2300EC0CC3 /* UserSectionHeader.h */ = {isa = PBXFileReference; lastKnownFileType = sourcecode.c.h; path = UserSectionHeader.h; sourceTree = "<group>"; };
		D6041B5D1B827E7300EC0CC3 /* UserSectionHeader.m */ = {isa = PBXFileReference; fileEncoding = 4; lastKnownFileType = sourcecode.c.objc; path = UserSectionHeader.m; sourceTree = "<group>"; };
		D6041B5F1B82AB9900EC0CC3 /* AddContactScene.h */ = {isa = PBXFileReference; lastKnownFileType = sourcecode.c.h; path = AddContactScene.h; sourceTree = "<group>"; };
		D6041B601B82ABCC00EC0CC3 /* AddContactScene.m */ = {isa = PBXFileReference; fileEncoding = 4; lastKnownFileType = sourcecode.c.objc; path = AddContactScene.m; sourceTree = "<group>"; };
		D6099B4D1B608E1700ECA44F /* SignUpScene.h */ = {isa = PBXFileReference; lastKnownFileType = sourcecode.c.h; path = SignUpScene.h; sourceTree = "<group>"; };
		D6099B4E1B608E3900ECA44F /* SignUpScene.m */ = {isa = PBXFileReference; fileEncoding = 4; lastKnownFileType = sourcecode.c.objc; path = SignUpScene.m; sourceTree = "<group>"; };
		D621D74D1B63A3BE006D058C /* PrimaryButton.h */ = {isa = PBXFileReference; lastKnownFileType = sourcecode.c.h; path = PrimaryButton.h; sourceTree = "<group>"; };
		D621D74E1B63A3F8006D058C /* PrimaryButton.m */ = {isa = PBXFileReference; fileEncoding = 4; lastKnownFileType = sourcecode.c.objc; path = PrimaryButton.m; sourceTree = "<group>"; };
		D62703711B89346300C32C0A /* CityList.h */ = {isa = PBXFileReference; lastKnownFileType = sourcecode.c.h; path = CityList.h; sourceTree = "<group>"; };
		D62703721B89349100C32C0A /* CityList.m */ = {isa = PBXFileReference; fileEncoding = 4; lastKnownFileType = sourcecode.c.objc; path = CityList.m; sourceTree = "<group>"; };
		D62703741B8934AC00C32C0A /* City.h */ = {isa = PBXFileReference; lastKnownFileType = sourcecode.c.h; path = City.h; sourceTree = "<group>"; };
		D62703751B8934D900C32C0A /* City.m */ = {isa = PBXFileReference; fileEncoding = 4; lastKnownFileType = sourcecode.c.objc; path = City.m; sourceTree = "<group>"; };
		D62703771B896FB600C32C0A /* EditProfileSceneModel.h */ = {isa = PBXFileReference; lastKnownFileType = sourcecode.c.h; path = EditProfileSceneModel.h; sourceTree = "<group>"; };
		D62703781B89701F00C32C0A /* EditProfileSceneModel.m */ = {isa = PBXFileReference; fileEncoding = 4; lastKnownFileType = sourcecode.c.objc; path = EditProfileSceneModel.m; sourceTree = "<group>"; };
		D627037A1B8A888200C32C0A /* IEditAvatarDelegate.h */ = {isa = PBXFileReference; lastKnownFileType = sourcecode.c.h; path = IEditAvatarDelegate.h; sourceTree = "<group>"; };
		D62A39AD1A7F0AB9007347B5 /* iosapp.app */ = {isa = PBXFileReference; explicitFileType = wrapper.application; includeInIndex = 0; path = iosapp.app; sourceTree = BUILT_PRODUCTS_DIR; };
		D62A39B11A7F0AB9007347B5 /* Info.plist */ = {isa = PBXFileReference; lastKnownFileType = text.plist.xml; path = Info.plist; sourceTree = "<group>"; };
		D62A39B21A7F0AB9007347B5 /* main.m */ = {isa = PBXFileReference; lastKnownFileType = sourcecode.c.objc; path = main.m; sourceTree = "<group>"; };
		D62A39B41A7F0AB9007347B5 /* AppDelegate.h */ = {isa = PBXFileReference; lastKnownFileType = sourcecode.c.h; path = AppDelegate.h; sourceTree = "<group>"; };
		D62A39B51A7F0AB9007347B5 /* AppDelegate.m */ = {isa = PBXFileReference; lastKnownFileType = sourcecode.c.objc; path = AppDelegate.m; sourceTree = "<group>"; };
		D62A39C01A7F0AB9007347B5 /* Images.xcassets */ = {isa = PBXFileReference; lastKnownFileType = folder.assetcatalog; path = Images.xcassets; sourceTree = "<group>"; };
		D62A39C91A7F0AB9007347B5 /* iosappTests.xctest */ = {isa = PBXFileReference; explicitFileType = wrapper.cfbundle; includeInIndex = 0; path = iosappTests.xctest; sourceTree = BUILT_PRODUCTS_DIR; };
		D62A39CE1A7F0AB9007347B5 /* Info.plist */ = {isa = PBXFileReference; lastKnownFileType = text.plist.xml; path = Info.plist; sourceTree = "<group>"; };
		D62A39CF1A7F0AB9007347B5 /* iosappTests.m */ = {isa = PBXFileReference; lastKnownFileType = sourcecode.c.objc; path = iosappTests.m; sourceTree = "<group>"; };
		D634061F1B72D1EC000C8EA1 /* NewCommentRequest.h */ = {isa = PBXFileReference; lastKnownFileType = sourcecode.c.h; path = NewCommentRequest.h; sourceTree = "<group>"; };
		D63406201B72D213000C8EA1 /* NewCommentRequest.m */ = {isa = PBXFileReference; fileEncoding = 4; lastKnownFileType = sourcecode.c.objc; path = NewCommentRequest.m; sourceTree = "<group>"; };
		D63406251B733239000C8EA1 /* LikeButton.h */ = {isa = PBXFileReference; lastKnownFileType = sourcecode.c.h; path = LikeButton.h; sourceTree = "<group>"; };
		D63406261B7332CF000C8EA1 /* LikeButton.m */ = {isa = PBXFileReference; fileEncoding = 4; lastKnownFileType = sourcecode.c.objc; path = LikeButton.m; sourceTree = "<group>"; };
		D643569B1B6C3EEA00630A39 /* NewMomentScene.h */ = {isa = PBXFileReference; lastKnownFileType = sourcecode.c.h; path = NewMomentScene.h; sourceTree = "<group>"; };
		D643569C1B6C3F5200630A39 /* NewMomentScene.m */ = {isa = PBXFileReference; fileEncoding = 4; lastKnownFileType = sourcecode.c.objc; path = NewMomentScene.m; sourceTree = "<group>"; };
		D643569E1B6C754100630A39 /* NewMomentSceneModel.h */ = {isa = PBXFileReference; lastKnownFileType = sourcecode.c.h; path = NewMomentSceneModel.h; sourceTree = "<group>"; };
		D643569F1B6C757000630A39 /* NewMomentSceneModel.m */ = {isa = PBXFileReference; fileEncoding = 4; lastKnownFileType = sourcecode.c.objc; path = NewMomentSceneModel.m; sourceTree = "<group>"; };
		D64356A21B6CFEA300630A39 /* NotificationScene.h */ = {isa = PBXFileReference; lastKnownFileType = sourcecode.c.h; path = NotificationScene.h; sourceTree = "<group>"; };
		D64356A31B6CFED200630A39 /* NotificationScene.m */ = {isa = PBXFileReference; fileEncoding = 4; lastKnownFileType = sourcecode.c.objc; path = NotificationScene.m; sourceTree = "<group>"; };
		D64356A61B6CFF3700630A39 /* DiscoverScene.h */ = {isa = PBXFileReference; lastKnownFileType = sourcecode.c.h; path = DiscoverScene.h; sourceTree = "<group>"; };
		D64356A71B6CFF5B00630A39 /* DiscoverScene.m */ = {isa = PBXFileReference; fileEncoding = 4; lastKnownFileType = sourcecode.c.objc; path = DiscoverScene.m; sourceTree = "<group>"; };
		D64356AC1B6EE2C500630A39 /* MomentDetailsScene.h */ = {isa = PBXFileReference; lastKnownFileType = sourcecode.c.h; path = MomentDetailsScene.h; sourceTree = "<group>"; };
		D65675DF1B72ABE000788146 /* Aspect-Context.m */ = {isa = PBXFileReference; fileEncoding = 4; lastKnownFileType = sourcecode.c.objc; path = "Aspect-Context.m"; sourceTree = "<group>"; };
		D65675E11B72AC9F00788146 /* ContextSceneModel.h */ = {isa = PBXFileReference; lastKnownFileType = sourcecode.c.h; path = ContextSceneModel.h; sourceTree = "<group>"; };
		D65675E21B72ACC600788146 /* ContextSceneModel.m */ = {isa = PBXFileReference; fileEncoding = 4; lastKnownFileType = sourcecode.c.objc; path = ContextSceneModel.m; sourceTree = "<group>"; };
		D65675E41B72B03D00788146 /* CustomDatabase.h */ = {isa = PBXFileReference; lastKnownFileType = sourcecode.c.h; path = CustomDatabase.h; sourceTree = "<group>"; };
		D65675E51B72B06300788146 /* CustomDatabase.m */ = {isa = PBXFileReference; fileEncoding = 4; lastKnownFileType = sourcecode.c.objc; path = CustomDatabase.m; sourceTree = "<group>"; };
		D659DA831B6602D90084D678 /* Aspect-TuSDK.m */ = {isa = PBXFileReference; fileEncoding = 4; lastKnownFileType = sourcecode.c.objc; path = "Aspect-TuSDK.m"; sourceTree = "<group>"; };
		D65AEAB81B679B7B0074313A /* Aspect-QiniuSDK.m */ = {isa = PBXFileReference; fileEncoding = 4; lastKnownFileType = sourcecode.c.objc; path = "Aspect-QiniuSDK.m"; sourceTree = "<group>"; };
		D65AEABA1B68623A0074313A /* RegisterRequest.h */ = {isa = PBXFileReference; lastKnownFileType = sourcecode.c.h; path = RegisterRequest.h; sourceTree = "<group>"; };
		D65AEABB1B68624B0074313A /* RegisterRequest.m */ = {isa = PBXFileReference; fileEncoding = 4; lastKnownFileType = sourcecode.c.objc; path = RegisterRequest.m; sourceTree = "<group>"; };
		D65AEABD1B689A980074313A /* AvatarSceneModel.h */ = {isa = PBXFileReference; lastKnownFileType = sourcecode.c.h; path = AvatarSceneModel.h; sourceTree = "<group>"; };
		D65AEABE1B689AAC0074313A /* AvatarSceneModel.m */ = {isa = PBXFileReference; fileEncoding = 4; lastKnownFileType = sourcecode.c.objc; path = AvatarSceneModel.m; sourceTree = "<group>"; };
		D65AEAC01B689E140074313A /* UpdateUserRequest.h */ = {isa = PBXFileReference; lastKnownFileType = sourcecode.c.h; path = UpdateUserRequest.h; sourceTree = "<group>"; };
		D65AEAC11B689E400074313A /* UpdateUserRequest.m */ = {isa = PBXFileReference; fileEncoding = 4; lastKnownFileType = sourcecode.c.objc; path = UpdateUserRequest.m; sourceTree = "<group>"; };
		D65AEAC31B68A4C30074313A /* QiniuUploader+Url.h */ = {isa = PBXFileReference; lastKnownFileType = sourcecode.c.h; path = "QiniuUploader+Url.h"; sourceTree = "<group>"; };
		D65AEAC41B68A4D90074313A /* QiniuUploader+Url.m */ = {isa = PBXFileReference; fileEncoding = 4; lastKnownFileType = sourcecode.c.objc; path = "QiniuUploader+Url.m"; sourceTree = "<group>"; };
		D65AEAC61B690ED40074313A /* BaseSceneModel.h */ = {isa = PBXFileReference; lastKnownFileType = sourcecode.c.h; path = BaseSceneModel.h; sourceTree = "<group>"; };
		D65AEAC71B690EFD0074313A /* BaseSceneModel.m */ = {isa = PBXFileReference; fileEncoding = 4; lastKnownFileType = sourcecode.c.objc; path = BaseSceneModel.m; sourceTree = "<group>"; };
		D65AEACC1B6912EE0074313A /* CustomAction.h */ = {isa = PBXFileReference; lastKnownFileType = sourcecode.c.h; path = CustomAction.h; sourceTree = "<group>"; };
		D65AEACD1B6913140074313A /* CustomAction.m */ = {isa = PBXFileReference; fileEncoding = 4; lastKnownFileType = sourcecode.c.objc; path = CustomAction.m; sourceTree = "<group>"; };
		D65AEACF1B6974420074313A /* NewMomentRequest.h */ = {isa = PBXFileReference; lastKnownFileType = sourcecode.c.h; path = NewMomentRequest.h; sourceTree = "<group>"; };
		D65AEAD01B6974720074313A /* NewMomentRequest.m */ = {isa = PBXFileReference; fileEncoding = 4; lastKnownFileType = sourcecode.c.objc; path = NewMomentRequest.m; sourceTree = "<group>"; };
		D65C9C641B7B1663000F6B9D /* UserByIdRequest.h */ = {isa = PBXFileReference; lastKnownFileType = sourcecode.c.h; path = UserByIdRequest.h; sourceTree = "<group>"; };
		D65C9C651B7B1697000F6B9D /* UserByIdRequest.m */ = {isa = PBXFileReference; fileEncoding = 4; lastKnownFileType = sourcecode.c.objc; path = UserByIdRequest.m; sourceTree = "<group>"; };
		D661508E1B63C06D009F33A4 /* Aspect-ShareSDK.m */ = {isa = PBXFileReference; fileEncoding = 4; lastKnownFileType = sourcecode.c.objc; path = "Aspect-ShareSDK.m"; sourceTree = "<group>"; };
		D661EF531B4CE4F00019B280 /* SplashScene.h */ = {isa = PBXFileReference; lastKnownFileType = sourcecode.c.h; path = SplashScene.h; sourceTree = "<group>"; };
		D661EF541B4CE5310019B280 /* SplashScene.m */ = {isa = PBXFileReference; fileEncoding = 4; lastKnownFileType = sourcecode.c.objc; path = SplashScene.m; sourceTree = "<group>"; };
		D661EF5B1B4DC0770019B280 /* SignInScene.h */ = {isa = PBXFileReference; lastKnownFileType = sourcecode.c.h; path = SignInScene.h; sourceTree = "<group>"; };
		D661EF5C1B4DC0BB0019B280 /* SignInScene.m */ = {isa = PBXFileReference; fileEncoding = 4; lastKnownFileType = sourcecode.c.objc; path = SignInScene.m; sourceTree = "<group>"; };
		D661EF5E1B4DE3BC0019B280 /* SignInSceneModel.h */ = {isa = PBXFileReference; lastKnownFileType = sourcecode.c.h; path = SignInSceneModel.h; sourceTree = "<group>"; };
		D661EF5F1B4DE3F50019B280 /* SignInSceneModel.m */ = {isa = PBXFileReference; fileEncoding = 4; lastKnownFileType = sourcecode.c.objc; path = SignInSceneModel.m; sourceTree = "<group>"; };
		D661EF611B4DE9300019B280 /* LoginRequest.h */ = {isa = PBXFileReference; lastKnownFileType = sourcecode.c.h; path = LoginRequest.h; sourceTree = "<group>"; };
		D661EF621B4DE9610019B280 /* LoginRequest.m */ = {isa = PBXFileReference; fileEncoding = 4; lastKnownFileType = sourcecode.c.objc; path = LoginRequest.m; sourceTree = "<group>"; };
		D661EF641B4DEB610019B280 /* Profile.h */ = {isa = PBXFileReference; lastKnownFileType = sourcecode.c.h; path = Profile.h; sourceTree = "<group>"; };
		D661EF651B4DEB9A0019B280 /* Profile.m */ = {isa = PBXFileReference; fileEncoding = 4; lastKnownFileType = sourcecode.c.objc; path = Profile.m; sourceTree = "<group>"; };
		D661EF681B4DED460019B280 /* KeyChainUtil.h */ = {isa = PBXFileReference; lastKnownFileType = sourcecode.c.h; path = KeyChainUtil.h; sourceTree = "<group>"; };
		D661EF691B4DEDA80019B280 /* KeyChainUtil.m */ = {isa = PBXFileReference; fileEncoding = 4; lastKnownFileType = sourcecode.c.objc; path = KeyChainUtil.m; sourceTree = "<group>"; };
		D66304BA1B7768FF0081B5A3 /* MomentNotificationCell.h */ = {isa = PBXFileReference; lastKnownFileType = sourcecode.c.h; path = MomentNotificationCell.h; sourceTree = "<group>"; };
		D66304BB1B77692C0081B5A3 /* MomentNotificationCell.m */ = {isa = PBXFileReference; fileEncoding = 4; lastKnownFileType = sourcecode.c.objc; path = MomentNotificationCell.m; sourceTree = "<group>"; };
		D66304BD1B776E050081B5A3 /* ContactNotificationCell.h */ = {isa = PBXFileReference; lastKnownFileType = sourcecode.c.h; path = ContactNotificationCell.h; sourceTree = "<group>"; };
		D66304BE1B776E320081B5A3 /* ContactNotificationCell.m */ = {isa = PBXFileReference; fileEncoding = 4; lastKnownFileType = sourcecode.c.objc; path = ContactNotificationCell.m; sourceTree = "<group>"; };
		D66304C01B780E5F0081B5A3 /* INotificationCellDelegate.h */ = {isa = PBXFileReference; lastKnownFileType = sourcecode.c.h; path = INotificationCellDelegate.h; sourceTree = "<group>"; };
		D67332221B44F75B00A1D525 /* MomentListSceneModel.m */ = {isa = PBXFileReference; fileEncoding = 4; lastKnownFileType = sourcecode.c.objc; path = MomentListSceneModel.m; sourceTree = "<group>"; };
		D67332241B44F78400A1D525 /* MomentListSceneModel.h */ = {isa = PBXFileReference; fileEncoding = 4; lastKnownFileType = sourcecode.c.h; path = MomentListSceneModel.h; sourceTree = "<group>"; };
		D67332261B44F7EA00A1D525 /* Moment.h */ = {isa = PBXFileReference; lastKnownFileType = sourcecode.c.h; path = Moment.h; sourceTree = "<group>"; };
		D67332271B44F80F00A1D525 /* Moment.m */ = {isa = PBXFileReference; fileEncoding = 4; lastKnownFileType = sourcecode.c.objc; path = Moment.m; sourceTree = "<group>"; };
		D673322A1B4507E400A1D525 /* MomentListRequest.m */ = {isa = PBXFileReference; fileEncoding = 4; lastKnownFileType = sourcecode.c.objc; path = MomentListRequest.m; sourceTree = "<group>"; };
		D673322C1B4507F800A1D525 /* MomentListRequest.h */ = {isa = PBXFileReference; lastKnownFileType = sourcecode.c.h; path = MomentListRequest.h; sourceTree = "<group>"; };
		D673322D1B450D9400A1D525 /* BaseRequest.h */ = {isa = PBXFileReference; lastKnownFileType = sourcecode.c.h; path = BaseRequest.h; sourceTree = "<group>"; };
		D673322E1B450DA300A1D525 /* BaseRequest.m */ = {isa = PBXFileReference; fileEncoding = 4; lastKnownFileType = sourcecode.c.objc; path = BaseRequest.m; sourceTree = "<group>"; };
		D675350E1B64EE3700B09245 /* AvatarScene.h */ = {isa = PBXFileReference; lastKnownFileType = sourcecode.c.h; path = AvatarScene.h; sourceTree = "<group>"; };
		D675350F1B64EE5D00B09245 /* AvatarScene.m */ = {isa = PBXFileReference; fileEncoding = 4; lastKnownFileType = sourcecode.c.objc; path = AvatarScene.m; sourceTree = "<group>"; };
		D6B13ADE1B6F807D00930F66 /* MomentDetailsSceneModel.h */ = {isa = PBXFileReference; lastKnownFileType = sourcecode.c.h; path = MomentDetailsSceneModel.h; sourceTree = "<group>"; };
		D6B13ADF1B6F81A000930F66 /* MomentDetailsSceneModel.m */ = {isa = PBXFileReference; fileEncoding = 4; lastKnownFileType = sourcecode.c.objc; path = MomentDetailsSceneModel.m; sourceTree = "<group>"; };
		D6B13AE11B7008BD00930F66 /* CommentListRequest.h */ = {isa = PBXFileReference; lastKnownFileType = sourcecode.c.h; path = CommentListRequest.h; sourceTree = "<group>"; };
		D6B13AE21B70092C00930F66 /* CommentListRequest.m */ = {isa = PBXFileReference; fileEncoding = 4; lastKnownFileType = sourcecode.c.objc; path = CommentListRequest.m; sourceTree = "<group>"; };
		D6B13AE41B70096400930F66 /* CommentList.h */ = {isa = PBXFileReference; lastKnownFileType = sourcecode.c.h; path = CommentList.h; sourceTree = "<group>"; };
		D6B13AE51B70099200930F66 /* CommentList.m */ = {isa = PBXFileReference; fileEncoding = 4; lastKnownFileType = sourcecode.c.objc; path = CommentList.m; sourceTree = "<group>"; };
		D6B13AE71B7009B800930F66 /* Comment.h */ = {isa = PBXFileReference; lastKnownFileType = sourcecode.c.h; path = Comment.h; sourceTree = "<group>"; };
		D6B13AE81B700A2E00930F66 /* Comment.m */ = {isa = PBXFileReference; fileEncoding = 4; lastKnownFileType = sourcecode.c.objc; path = Comment.m; sourceTree = "<group>"; };
		D6B13AEA1B700E6800930F66 /* CommentCell.h */ = {isa = PBXFileReference; lastKnownFileType = sourcecode.c.h; path = CommentCell.h; sourceTree = "<group>"; };
		D6B13AEB1B700E9E00930F66 /* CommentCell.m */ = {isa = PBXFileReference; fileEncoding = 4; lastKnownFileType = sourcecode.c.objc; path = CommentCell.m; sourceTree = "<group>"; };
		D6B13AED1B7029BD00930F66 /* CommentCellSceneModel.h */ = {isa = PBXFileReference; lastKnownFileType = sourcecode.c.h; path = CommentCellSceneModel.h; sourceTree = "<group>"; };
		D6B13AEE1B7029EB00930F66 /* CommentCellSceneModel.m */ = {isa = PBXFileReference; fileEncoding = 4; lastKnownFileType = sourcecode.c.objc; path = CommentCellSceneModel.m; sourceTree = "<group>"; };
		D6BD3C361B60C1B200E92870 /* CountryScene.h */ = {isa = PBXFileReference; lastKnownFileType = sourcecode.c.h; path = CountryScene.h; sourceTree = "<group>"; };
		D6BD3C371B60C1DB00E92870 /* CountryScene.m */ = {isa = PBXFileReference; fileEncoding = 4; lastKnownFileType = sourcecode.c.objc; path = CountryScene.m; sourceTree = "<group>"; };
		D6C91ECB1B9C1EA8006A32F9 /* TagView.h */ = {isa = PBXFileReference; lastKnownFileType = sourcecode.c.h; path = TagView.h; sourceTree = "<group>"; };
		D6C91ECC1B9C1ECE006A32F9 /* TagView.m */ = {isa = PBXFileReference; fileEncoding = 4; lastKnownFileType = sourcecode.c.objc; path = TagView.m; sourceTree = "<group>"; };
		D6C91ECE1B9C247A006A32F9 /* PinView.h */ = {isa = PBXFileReference; lastKnownFileType = sourcecode.c.h; path = PinView.h; sourceTree = "<group>"; };
		D6C91ECF1B9C2494006A32F9 /* PinView.m */ = {isa = PBXFileReference; fileEncoding = 4; lastKnownFileType = sourcecode.c.objc; path = PinView.m; sourceTree = "<group>"; };
		D6C91ED11B9C50AE006A32F9 /* TagPanGestureRecognizer.h */ = {isa = PBXFileReference; lastKnownFileType = sourcecode.c.h; path = TagPanGestureRecognizer.h; sourceTree = "<group>"; };
		D6C91ED21B9C5111006A32F9 /* TagPanGestureRecognizer.m */ = {isa = PBXFileReference; fileEncoding = 4; lastKnownFileType = sourcecode.c.objc; path = TagPanGestureRecognizer.m; sourceTree = "<group>"; };
		D6C91ED41B9F84E8006A32F9 /* Tag.h */ = {isa = PBXFileReference; lastKnownFileType = sourcecode.c.h; path = Tag.h; sourceTree = "<group>"; };
		D6C91ED51B9F84FA006A32F9 /* Tag.m */ = {isa = PBXFileReference; fileEncoding = 4; lastKnownFileType = sourcecode.c.objc; path = Tag.m; sourceTree = "<group>"; };
		D6D554CF1B841CF400004328 /* ProfileAvatarView.h */ = {isa = PBXFileReference; lastKnownFileType = sourcecode.c.h; path = ProfileAvatarView.h; sourceTree = "<group>"; };
		D6D554D01B841D4900004328 /* ProfileAvatarView.m */ = {isa = PBXFileReference; fileEncoding = 4; lastKnownFileType = sourcecode.c.objc; path = ProfileAvatarView.m; sourceTree = "<group>"; };
		D6D554D21B84AFBD00004328 /* EditProfileScene.h */ = {isa = PBXFileReference; lastKnownFileType = sourcecode.c.h; path = EditProfileScene.h; sourceTree = "<group>"; };
		D6D554D31B84AFEC00004328 /* EditProfileScene.m */ = {isa = PBXFileReference; fileEncoding = 4; lastKnownFileType = sourcecode.c.objc; path = EditProfileScene.m; sourceTree = "<group>"; };
		D6D554D91B85442200004328 /* ContactListScene.h */ = {isa = PBXFileReference; lastKnownFileType = sourcecode.c.h; path = ContactListScene.h; sourceTree = "<group>"; };
		D6D554DA1B85445300004328 /* ContactListScene.m */ = {isa = PBXFileReference; fileEncoding = 4; lastKnownFileType = sourcecode.c.objc; path = ContactListScene.m; sourceTree = "<group>"; };
		D6D554DC1B86709B00004328 /* ContactListSceneModel.h */ = {isa = PBXFileReference; lastKnownFileType = sourcecode.c.h; path = ContactListSceneModel.h; sourceTree = "<group>"; };
		D6D554DD1B8670AA00004328 /* ContactListSceneModel.m */ = {isa = PBXFileReference; fileEncoding = 4; lastKnownFileType = sourcecode.c.objc; path = ContactListSceneModel.m; sourceTree = "<group>"; };
		D6D554DF1B8676A500004328 /* ContactCell.h */ = {isa = PBXFileReference; lastKnownFileType = sourcecode.c.h; path = ContactCell.h; sourceTree = "<group>"; };
		D6D554E01B8676E100004328 /* ContactCell.m */ = {isa = PBXFileReference; fileEncoding = 4; lastKnownFileType = sourcecode.c.objc; path = ContactCell.m; sourceTree = "<group>"; };
		D6D554E31B87DA5B00004328 /* SettingsScene.h */ = {isa = PBXFileReference; fileEncoding = 4; lastKnownFileType = sourcecode.c.h; path = SettingsScene.h; sourceTree = "<group>"; };
		D6D554E41B87DA5B00004328 /* SettingsScene.m */ = {isa = PBXFileReference; fileEncoding = 4; lastKnownFileType = sourcecode.c.objc; path = SettingsScene.m; sourceTree = "<group>"; };
		D6D554E61B88A03000004328 /* CountryRequest.h */ = {isa = PBXFileReference; lastKnownFileType = sourcecode.c.h; path = CountryRequest.h; sourceTree = "<group>"; };
		D6D554E71B88A05C00004328 /* CountryRequest.m */ = {isa = PBXFileReference; fileEncoding = 4; lastKnownFileType = sourcecode.c.objc; path = CountryRequest.m; sourceTree = "<group>"; };
		D6D554E91B88A13D00004328 /* CountryList.h */ = {isa = PBXFileReference; lastKnownFileType = sourcecode.c.h; path = CountryList.h; sourceTree = "<group>"; };
		D6D554EA1B88A17500004328 /* CountryList.m */ = {isa = PBXFileReference; fileEncoding = 4; lastKnownFileType = sourcecode.c.objc; path = CountryList.m; sourceTree = "<group>"; };
		D6D554EC1B892DF700004328 /* CityRequest.h */ = {isa = PBXFileReference; lastKnownFileType = sourcecode.c.h; path = CityRequest.h; sourceTree = "<group>"; };
		D6D554ED1B892E2600004328 /* CityRequest.m */ = {isa = PBXFileReference; fileEncoding = 4; lastKnownFileType = sourcecode.c.objc; path = CityRequest.m; sourceTree = "<group>"; };
		D6D5BDC01B4F787600D6045F /* URLManage.plist */ = {isa = PBXFileReference; fileEncoding = 4; lastKnownFileType = text.plist.xml; path = URLManage.plist; sourceTree = "<group>"; };
		D6D5BDC41B4F835100D6045F /* Aspect-Config.m */ = {isa = PBXFileReference; fileEncoding = 4; lastKnownFileType = sourcecode.c.objc; path = "Aspect-Config.m"; sourceTree = "<group>"; };
		D6D5BDC71B4F89CE00D6045F /* ProfileScene.h */ = {isa = PBXFileReference; lastKnownFileType = sourcecode.c.h; path = ProfileScene.h; sourceTree = "<group>"; };
		D6D5BDC81B4F89F300D6045F /* ProfileScene.m */ = {isa = PBXFileReference; fileEncoding = 4; lastKnownFileType = sourcecode.c.objc; path = ProfileScene.m; sourceTree = "<group>"; };
		D6D5BDCA1B4F9F6C00D6045F /* Aspect-EaseMob.m */ = {isa = PBXFileReference; fileEncoding = 4; lastKnownFileType = sourcecode.c.objc; path = "Aspect-EaseMob.m"; sourceTree = "<group>"; };
		D6D5E2401B61A5890027B0D9 /* CountryCell.h */ = {isa = PBXFileReference; lastKnownFileType = sourcecode.c.h; path = CountryCell.h; sourceTree = "<group>"; };
		D6D5E2411B61A5DF0027B0D9 /* CountryCell.m */ = {isa = PBXFileReference; fileEncoding = 4; lastKnownFileType = sourcecode.c.objc; path = CountryCell.m; sourceTree = "<group>"; };
		D6D5E2431B61AA0E0027B0D9 /* Country.h */ = {isa = PBXFileReference; lastKnownFileType = sourcecode.c.h; path = Country.h; sourceTree = "<group>"; };
		D6D5E2441B61AA480027B0D9 /* Country.m */ = {isa = PBXFileReference; fileEncoding = 4; lastKnownFileType = sourcecode.c.objc; path = Country.m; sourceTree = "<group>"; };
		D6D5E2461B61E4910027B0D9 /* SignUpSceneModel.h */ = {isa = PBXFileReference; lastKnownFileType = sourcecode.c.h; path = SignUpSceneModel.h; sourceTree = "<group>"; };
		D6D5E2471B61E6690027B0D9 /* SIgnUpSceneModel.m */ = {isa = PBXFileReference; fileEncoding = 4; lastKnownFileType = sourcecode.c.objc; path = SIgnUpSceneModel.m; sourceTree = "<group>"; };
		D6D5E24B1B6200E90027B0D9 /* en */ = {isa = PBXFileReference; lastKnownFileType = text.plist.strings; name = en; path = en.lproj/SMS_SDKLocalizable.strings; sourceTree = "<group>"; };
		D6D5E24C1B6200E90027B0D9 /* SMS_SDK.framework */ = {isa = PBXFileReference; lastKnownFileType = wrapper.framework; path = SMS_SDK.framework; sourceTree = "<group>"; };
		D6D5E24D1B6200E90027B0D9 /* zh-Hans */ = {isa = PBXFileReference; lastKnownFileType = text.plist.strings; name = "zh-Hans"; path = "zh-Hans.lproj/SMS_SDKLocalizable.strings"; sourceTree = "<group>"; };
		D6D5E2501B6201110027B0D9 /* libicucore.dylib */ = {isa = PBXFileReference; lastKnownFileType = "compiled.mach-o.dylib"; name = libicucore.dylib; path = usr/lib/libicucore.dylib; sourceTree = SDKROOT; };
		D6D5E2521B6201200027B0D9 /* libz.dylib */ = {isa = PBXFileReference; lastKnownFileType = "compiled.mach-o.dylib"; name = libz.dylib; path = usr/lib/libz.dylib; sourceTree = SDKROOT; };
		D6D5E2541B62012C0027B0D9 /* MessageUI.framework */ = {isa = PBXFileReference; lastKnownFileType = wrapper.framework; name = MessageUI.framework; path = System/Library/Frameworks/MessageUI.framework; sourceTree = SDKROOT; };
		D6D5E2561B6359F20027B0D9 /* VerifyScene.h */ = {isa = PBXFileReference; lastKnownFileType = sourcecode.c.h; path = VerifyScene.h; sourceTree = "<group>"; };
		D6D5E2571B635A020027B0D9 /* VerifyScene.m */ = {isa = PBXFileReference; fileEncoding = 4; lastKnownFileType = sourcecode.c.objc; path = VerifyScene.m; sourceTree = "<group>"; };
		D6D5E2591B636EDC0027B0D9 /* VerifySceneModel.h */ = {isa = PBXFileReference; lastKnownFileType = sourcecode.c.h; path = VerifySceneModel.h; sourceTree = "<group>"; };
		D6D5E25A1B636EF30027B0D9 /* VerifySceneModel.m */ = {isa = PBXFileReference; fileEncoding = 4; lastKnownFileType = sourcecode.c.objc; path = VerifySceneModel.m; sourceTree = "<group>"; };
		D6D665151B7C57AF00EB52DF /* PhotoCell.h */ = {isa = PBXFileReference; lastKnownFileType = sourcecode.c.h; path = PhotoCell.h; sourceTree = "<group>"; };
		D6D665161B7C57E300EB52DF /* PhotoCell.m */ = {isa = PBXFileReference; fileEncoding = 4; lastKnownFileType = sourcecode.c.objc; path = PhotoCell.m; sourceTree = "<group>"; };
		D6D665181B7E9A8400EB52DF /* UserHeader.h */ = {isa = PBXFileReference; lastKnownFileType = sourcecode.c.h; path = UserHeader.h; sourceTree = "<group>"; };
		D6D665191B7E9ACA00EB52DF /* UserHeader.m */ = {isa = PBXFileReference; fileEncoding = 4; lastKnownFileType = sourcecode.c.objc; path = UserHeader.m; sourceTree = "<group>"; };
		D6D728251B5924F8000277F0 /* zh-Hans */ = {isa = PBXFileReference; lastKnownFileType = text.plist.strings; name = "zh-Hans"; path = "zh-Hans.lproj/Localizable.strings"; sourceTree = "<group>"; };
		D6D728271B592585000277F0 /* en */ = {isa = PBXFileReference; lastKnownFileType = text.plist.strings; name = en; path = en.lproj/Localizable.strings; sourceTree = "<group>"; };
		D6D7E5381B73607100F45996 /* UpdateMomentRequest.h */ = {isa = PBXFileReference; lastKnownFileType = sourcecode.c.h; path = UpdateMomentRequest.h; sourceTree = "<group>"; };
		D6D7E5391B73609900F45996 /* UpdateMomentRequest.m */ = {isa = PBXFileReference; fileEncoding = 4; lastKnownFileType = sourcecode.c.objc; path = UpdateMomentRequest.m; sourceTree = "<group>"; };
		D6D7E53B1B741E0400F45996 /* NotificationCell.h */ = {isa = PBXFileReference; lastKnownFileType = sourcecode.c.h; path = NotificationCell.h; sourceTree = "<group>"; };
		D6D7E53E1B741E5E00F45996 /* NotificationCell.m */ = {isa = PBXFileReference; fileEncoding = 4; lastKnownFileType = sourcecode.c.objc; path = NotificationCell.m; sourceTree = "<group>"; };
		D6D7E5401B741F1000F45996 /* NotificationListSceneModel.h */ = {isa = PBXFileReference; lastKnownFileType = sourcecode.c.h; path = NotificationListSceneModel.h; sourceTree = "<group>"; };
		D6D7E5411B741F5200F45996 /* NotificationListSceneModel.m */ = {isa = PBXFileReference; fileEncoding = 4; lastKnownFileType = sourcecode.c.objc; path = NotificationListSceneModel.m; sourceTree = "<group>"; };
		D6D7E5431B741FE100F45996 /* Notification.h */ = {isa = PBXFileReference; lastKnownFileType = sourcecode.c.h; path = Notification.h; sourceTree = "<group>"; };
		D6D7E5441B7420BD00F45996 /* Notification.m */ = {isa = PBXFileReference; fileEncoding = 4; lastKnownFileType = sourcecode.c.objc; path = Notification.m; sourceTree = "<group>"; };
		D6D7E5461B74449F00F45996 /* Tab.h */ = {isa = PBXFileReference; lastKnownFileType = sourcecode.c.h; path = Tab.h; sourceTree = "<group>"; };
		D6D7E5471B74496600F45996 /* Tab.m */ = {isa = PBXFileReference; fileEncoding = 4; lastKnownFileType = sourcecode.c.objc; path = Tab.m; sourceTree = "<group>"; };
		D6DAEE5B1B9903AB0057B653 /* MomentTagScene.h */ = {isa = PBXFileReference; lastKnownFileType = sourcecode.c.h; path = MomentTagScene.h; sourceTree = "<group>"; };
		D6DAEE5C1B9903D70057B653 /* MomentTagScene.m */ = {isa = PBXFileReference; fileEncoding = 4; lastKnownFileType = sourcecode.c.objc; path = MomentTagScene.m; sourceTree = "<group>"; };
		D6DAEE611B9BBE020057B653 /* SWNinePatchImageFactory.h */ = {isa = PBXFileReference; fileEncoding = 4; lastKnownFileType = sourcecode.c.h; path = SWNinePatchImageFactory.h; sourceTree = "<group>"; };
		D6DAEE621B9BBE020057B653 /* SWNinePatchImageFactory.m */ = {isa = PBXFileReference; fileEncoding = 4; lastKnownFileType = sourcecode.c.objc; path = SWNinePatchImageFactory.m; sourceTree = "<group>"; };
		D6E049881B45238D00A867C8 /* MomentList.h */ = {isa = PBXFileReference; fileEncoding = 4; lastKnownFileType = sourcecode.c.h; path = MomentList.h; sourceTree = "<group>"; };
		D6E049891B45238D00A867C8 /* MomentList.m */ = {isa = PBXFileReference; fileEncoding = 4; lastKnownFileType = sourcecode.c.objc; path = MomentList.m; sourceTree = "<group>"; };
		D6E0498B1B47B28200A867C8 /* MomentCell.h */ = {isa = PBXFileReference; lastKnownFileType = sourcecode.c.h; path = MomentCell.h; sourceTree = "<group>"; };
		D6E0498C1B47B2DA00A867C8 /* MomentCell.m */ = {isa = PBXFileReference; fileEncoding = 4; lastKnownFileType = sourcecode.c.objc; path = MomentCell.m; sourceTree = "<group>"; };
		D6E049931B49447600A867C8 /* Aspect-Util.m */ = {isa = PBXFileReference; fileEncoding = 4; lastKnownFileType = sourcecode.c.objc; path = "Aspect-Util.m"; sourceTree = "<group>"; };
		D6E2A4741B5C6594008B3DC1 /* UserSceneModel.h */ = {isa = PBXFileReference; lastKnownFileType = sourcecode.c.h; path = UserSceneModel.h; sourceTree = "<group>"; };
		D6E2A4751B5C65D2008B3DC1 /* UserSceneModel.m */ = {isa = PBXFileReference; fileEncoding = 4; lastKnownFileType = sourcecode.c.objc; path = UserSceneModel.m; sourceTree = "<group>"; };
		D6E2A4771B5C6AB9008B3DC1 /* UserDetails.h */ = {isa = PBXFileReference; lastKnownFileType = sourcecode.c.h; path = UserDetails.h; sourceTree = "<group>"; };
		D6E2A4781B5C6AC7008B3DC1 /* UserDetails.m */ = {isa = PBXFileReference; fileEncoding = 4; lastKnownFileType = sourcecode.c.objc; path = UserDetails.m; sourceTree = "<group>"; };
		D6E499DA1B6EE4760006C67C /* MomentDetailsScene.m */ = {isa = PBXFileReference; fileEncoding = 4; lastKnownFileType = sourcecode.c.objc; path = MomentDetailsScene.m; sourceTree = "<group>"; };
		D6E499DC1B6F33DA0006C67C /* MomentCellSceneModel.h */ = {isa = PBXFileReference; lastKnownFileType = sourcecode.c.h; path = MomentCellSceneModel.h; sourceTree = "<group>"; };
		D6E499DD1B6F347B0006C67C /* MomentCellSceneModel.m */ = {isa = PBXFileReference; fileEncoding = 4; lastKnownFileType = sourcecode.c.objc; path = MomentCellSceneModel.m; sourceTree = "<group>"; };
		D6EB351A1B5D95500026E78C /* BaseScene.h */ = {isa = PBXFileReference; lastKnownFileType = sourcecode.c.h; path = BaseScene.h; sourceTree = "<group>"; };
		D6EB351B1B5D95770026E78C /* BaseScene.m */ = {isa = PBXFileReference; fileEncoding = 4; lastKnownFileType = sourcecode.c.objc; path = BaseScene.m; sourceTree = "<group>"; };
		D6ECF1ED1B55ADE0001C013A /* ConversationScene.h */ = {isa = PBXFileReference; lastKnownFileType = sourcecode.c.h; path = ConversationScene.h; sourceTree = "<group>"; };
		D6ECF1EE1B55AE19001C013A /* ConversationScene.m */ = {isa = PBXFileReference; fileEncoding = 4; lastKnownFileType = sourcecode.c.objc; path = ConversationScene.m; sourceTree = "<group>"; };
		D6ECF1F11B55AF97001C013A /* ConversationListSceneModel.h */ = {isa = PBXFileReference; lastKnownFileType = sourcecode.c.h; path = ConversationListSceneModel.h; sourceTree = "<group>"; };
		D6ECF1F21B55AFC1001C013A /* ConversationListSceneModel.m */ = {isa = PBXFileReference; fileEncoding = 4; lastKnownFileType = sourcecode.c.objc; path = ConversationListSceneModel.m; sourceTree = "<group>"; };
		D6ECF1F41B55B098001C013A /* ConversationCell.h */ = {isa = PBXFileReference; lastKnownFileType = sourcecode.c.h; path = ConversationCell.h; sourceTree = "<group>"; };
		D6ECF1F51B55B0DC001C013A /* ConversationCell.m */ = {isa = PBXFileReference; fileEncoding = 4; lastKnownFileType = sourcecode.c.objc; path = ConversationCell.m; sourceTree = "<group>"; };
		D6ECF1F71B55B4D0001C013A /* Conversation.h */ = {isa = PBXFileReference; lastKnownFileType = sourcecode.c.h; path = Conversation.h; sourceTree = "<group>"; };
		D6ECF1F81B55B4F9001C013A /* Conversation.m */ = {isa = PBXFileReference; fileEncoding = 4; lastKnownFileType = sourcecode.c.objc; path = Conversation.m; sourceTree = "<group>"; };
		D6ECF1FA1B56185E001C013A /* UserListByChatIdRequest.h */ = {isa = PBXFileReference; lastKnownFileType = sourcecode.c.h; path = UserListByChatIdRequest.h; sourceTree = "<group>"; };
		D6ECF1FB1B561877001C013A /* UserListByChatIdRequest.m */ = {isa = PBXFileReference; fileEncoding = 4; lastKnownFileType = sourcecode.c.objc; path = UserListByChatIdRequest.m; sourceTree = "<group>"; };
		D6ECF1FD1B5676EC001C013A /* ProfileRequest.h */ = {isa = PBXFileReference; lastKnownFileType = sourcecode.c.h; path = ProfileRequest.h; sourceTree = "<group>"; };
		D6ECF1FE1B56772E001C013A /* ProfileRequest.m */ = {isa = PBXFileReference; fileEncoding = 4; lastKnownFileType = sourcecode.c.objc; path = ProfileRequest.m; sourceTree = "<group>"; };
		D6ECF2051B570122001C013A /* ChatSendHelper.h */ = {isa = PBXFileReference; lastKnownFileType = sourcecode.c.h; path = ChatSendHelper.h; sourceTree = "<group>"; };
		D6ECF2061B570133001C013A /* ChatSendHelper.m */ = {isa = PBXFileReference; fileEncoding = 4; lastKnownFileType = sourcecode.c.objc; path = ChatSendHelper.m; sourceTree = "<group>"; };
		D6ECF2081B576BF3001C013A /* BaseModel.h */ = {isa = PBXFileReference; lastKnownFileType = sourcecode.c.h; path = BaseModel.h; sourceTree = "<group>"; };
		D6ECF2091B576C1B001C013A /* BaseModel.m */ = {isa = PBXFileReference; fileEncoding = 4; lastKnownFileType = sourcecode.c.objc; path = BaseModel.m; sourceTree = "<group>"; };
		D6ECF20B1B587AE1001C013A /* AvatarImageView.h */ = {isa = PBXFileReference; lastKnownFileType = sourcecode.c.h; path = AvatarImageView.h; sourceTree = "<group>"; };
		D6ECF20C1B587B2A001C013A /* AvatarImageView.m */ = {isa = PBXFileReference; fileEncoding = 4; lastKnownFileType = sourcecode.c.objc; path = AvatarImageView.m; sourceTree = "<group>"; };
		DCCE54AD975929494FE5A76D /* libPods.a */ = {isa = PBXFileReference; explicitFileType = archive.ar; includeInIndex = 0; path = libPods.a; sourceTree = BUILT_PRODUCTS_DIR; };
/* End PBXFileReference section */

/* Begin PBXFrameworksBuildPhase section */
		D62A39AA1A7F0AB9007347B5 /* Frameworks */ = {
			isa = PBXFrameworksBuildPhase;
			buildActionMask = 2147483647;
			files = (
				D6D5E2551B62012C0027B0D9 /* MessageUI.framework in Frameworks */,
				D6D5E2531B6201200027B0D9 /* libz.dylib in Frameworks */,
				D6D5E2511B6201110027B0D9 /* libicucore.dylib in Frameworks */,
				4A39A89232F472FAA868B4EB /* libPods.a in Frameworks */,
				D6D5E24F1B6200E90027B0D9 /* SMS_SDK.framework in Frameworks */,
			);
			runOnlyForDeploymentPostprocessing = 0;
		};
		D62A39C61A7F0AB9007347B5 /* Frameworks */ = {
			isa = PBXFrameworksBuildPhase;
			buildActionMask = 2147483647;
			files = (
			);
			runOnlyForDeploymentPostprocessing = 0;
		};
/* End PBXFrameworksBuildPhase section */

/* Begin PBXGroup section */
		18D3573A9CB648772CCE24C6 /* Frameworks */ = {
			isa = PBXGroup;
			children = (
				D6D5E2541B62012C0027B0D9 /* MessageUI.framework */,
				D6D5E2521B6201200027B0D9 /* libz.dylib */,
				D6D5E2501B6201110027B0D9 /* libicucore.dylib */,
				DCCE54AD975929494FE5A76D /* libPods.a */,
			);
			name = Frameworks;
			sourceTree = "<group>";
		};
		730D0F1CE9848B4ED9A15172 /* Pods */ = {
			isa = PBXGroup;
			children = (
				57BF2565B97FD670D003AC9D /* Pods.debug.xcconfig */,
				37FF956BF805A7F61E92BD4C /* Pods.release.xcconfig */,
			);
			name = Pods;
			sourceTree = "<group>";
		};
		81C7F318018644C5E5355771 /* Moment */ = {
			isa = PBXGroup;
			children = (
				81C7FFDC1713FBB8CB28F336 /* MomentScene.h */,
				81C7FEA317AC6BEE5F81DA81 /* MomentScene.m */,
				D6E0498B1B47B28200A867C8 /* MomentCell.h */,
				D6E0498C1B47B2DA00A867C8 /* MomentCell.m */,
				D643569B1B6C3EEA00630A39 /* NewMomentScene.h */,
				D643569C1B6C3F5200630A39 /* NewMomentScene.m */,
				D64356AC1B6EE2C500630A39 /* MomentDetailsScene.h */,
				D6E499DA1B6EE4760006C67C /* MomentDetailsScene.m */,
				D6B13AEA1B700E6800930F66 /* CommentCell.h */,
				D6B13AEB1B700E9E00930F66 /* CommentCell.m */,
				D6DAEE5B1B9903AB0057B653 /* MomentTagScene.h */,
				D6DAEE5C1B9903D70057B653 /* MomentTagScene.m */,
			);
			path = Moment;
			sourceTree = "<group>";
		};
		C37936A81B5113B700BDC3C3 /* User */ = {
			isa = PBXGroup;
			children = (
				C37936A91B5113C800BDC3C3 /* UserScene.h */,
				C37936AA1B5113F100BDC3C3 /* UserScene.m */,
				D6D665151B7C57AF00EB52DF /* PhotoCell.h */,
				D6D665161B7C57E300EB52DF /* PhotoCell.m */,
				D6D665181B7E9A8400EB52DF /* UserHeader.h */,
				D6D665191B7E9ACA00EB52DF /* UserHeader.m */,
				D6041B5C1B827E2300EC0CC3 /* UserSectionHeader.h */,
				D6041B5D1B827E7300EC0CC3 /* UserSectionHeader.m */,
				D6041B5F1B82AB9900EC0CC3 /* AddContactScene.h */,
				D6041B601B82ABCC00EC0CC3 /* AddContactScene.m */,
				D6D554D91B85442200004328 /* ContactListScene.h */,
				D6D554DA1B85445300004328 /* ContactListScene.m */,
				D6D554DF1B8676A500004328 /* ContactCell.h */,
				D6D554E01B8676E100004328 /* ContactCell.m */,
			);
			path = User;
			sourceTree = "<group>";
		};
		C37936AC1B511A0500BDC3C3 /* Chat */ = {
			isa = PBXGroup;
			children = (
				C37936AD1B511A1700BDC3C3 /* ChatScene.h */,
				C37936AE1B511A4B00BDC3C3 /* ChatScene.m */,
				D6ECF2051B570122001C013A /* ChatSendHelper.h */,
				D6ECF2061B570133001C013A /* ChatSendHelper.m */,
			);
			path = Chat;
			sourceTree = "<group>";
		};
		C37936B31B51449A00BDC3C3 /* Vendor */ = {
			isa = PBXGroup;
			children = (
				D6DAEE611B9BBE020057B653 /* SWNinePatchImageFactory.h */,
				D6DAEE621B9BBE020057B653 /* SWNinePatchImageFactory.m */,
				D6041B591B81914F00EC0CC3 /* FXBlurView.h */,
				D6041B5A1B81914F00EC0CC3 /* FXBlurView.m */,
				C37936B71B51453C00BDC3C3 /* NSDateFormatter+Category.h */,
				C37936B81B51453C00BDC3C3 /* NSDateFormatter+Category.m */,
				C37936B41B51451100BDC3C3 /* NSDate+Category.h */,
				C37936B51B51451100BDC3C3 /* NSDate+Category.m */,
				D6ECF20B1B587AE1001C013A /* AvatarImageView.h */,
				D6ECF20C1B587B2A001C013A /* AvatarImageView.m */,
				D621D74D1B63A3BE006D058C /* PrimaryButton.h */,
				D621D74E1B63A3F8006D058C /* PrimaryButton.m */,
				D65AEAC31B68A4C30074313A /* QiniuUploader+Url.h */,
				D65AEAC41B68A4D90074313A /* QiniuUploader+Url.m */,
				D65AEACC1B6912EE0074313A /* CustomAction.h */,
				D65AEACD1B6913140074313A /* CustomAction.m */,
				D65675E41B72B03D00788146 /* CustomDatabase.h */,
				D65675E51B72B06300788146 /* CustomDatabase.m */,
				D63406251B733239000C8EA1 /* LikeButton.h */,
				D63406261B7332CF000C8EA1 /* LikeButton.m */,
				D6D554CF1B841CF400004328 /* ProfileAvatarView.h */,
				D6D554D01B841D4900004328 /* ProfileAvatarView.m */,
				D6C91ECB1B9C1EA8006A32F9 /* TagView.h */,
				D6C91ECC1B9C1ECE006A32F9 /* TagView.m */,
				D6C91ECE1B9C247A006A32F9 /* PinView.h */,
				D6C91ECF1B9C2494006A32F9 /* PinView.m */,
				D6C91ED11B9C50AE006A32F9 /* TagPanGestureRecognizer.h */,
				D6C91ED21B9C5111006A32F9 /* TagPanGestureRecognizer.m */,
			);
			path = Vendor;
			sourceTree = "<group>";
		};
		D60297C21A98C63B003575F2 /* Resource */ = {
			isa = PBXGroup;
			children = (
				D60297C31A98C64D003575F2 /* XinGothic.otf */,
			);
			name = Resource;
			sourceTree = "<group>";
		};
		D6099B4C1B608DFE00ECA44F /* SignUp */ = {
			isa = PBXGroup;
			children = (
				D6099B4D1B608E1700ECA44F /* SignUpScene.h */,
				D6099B4E1B608E3900ECA44F /* SignUpScene.m */,
				D6D5E2561B6359F20027B0D9 /* VerifyScene.h */,
				D6D5E2571B635A020027B0D9 /* VerifyScene.m */,
				D675350E1B64EE3700B09245 /* AvatarScene.h */,
				D675350F1B64EE5D00B09245 /* AvatarScene.m */,
			);
			path = SignUp;
			sourceTree = "<group>";
		};
		D62A39A41A7F0AB9007347B5 = {
			isa = PBXGroup;
			children = (
				D6D5E2491B6200E90027B0D9 /* SMS_SDK */,
				D62A39AF1A7F0AB9007347B5 /* iosapp */,
				D62A39CC1A7F0AB9007347B5 /* iosappTests */,
				D62A39AE1A7F0AB9007347B5 /* Products */,
				730D0F1CE9848B4ED9A15172 /* Pods */,
				18D3573A9CB648772CCE24C6 /* Frameworks */,
			);
			sourceTree = "<group>";
		};
		D62A39AE1A7F0AB9007347B5 /* Products */ = {
			isa = PBXGroup;
			children = (
				D62A39AD1A7F0AB9007347B5 /* iosapp.app */,
				D62A39C91A7F0AB9007347B5 /* iosappTests.xctest */,
			);
			name = Products;
			sourceTree = "<group>";
		};
		D62A39AF1A7F0AB9007347B5 /* iosapp */ = {
			isa = PBXGroup;
			children = (
				D69748241A808862006004D1 /* Home */,
				D62A39B41A7F0AB9007347B5 /* AppDelegate.h */,
				D62A39B51A7F0AB9007347B5 /* AppDelegate.m */,
				D60297C51A98C679003575F2 /* Aspect-Font.m */,
				D60297B81A98BAC7003575F2 /* Aspect-Window.m */,
				D60297C01A98C518003575F2 /* Aspect-Appearance.m */,
				D6E049931B49447600A867C8 /* Aspect-Util.m */,
				D6D5BDC41B4F835100D6045F /* Aspect-Config.m */,
				D65675DF1B72ABE000788146 /* Aspect-Context.m */,
				D6D5BDCA1B4F9F6C00D6045F /* Aspect-EaseMob.m */,
				D661508E1B63C06D009F33A4 /* Aspect-ShareSDK.m */,
				D659DA831B6602D90084D678 /* Aspect-TuSDK.m */,
				D65AEAB81B679B7B0074313A /* Aspect-QiniuSDK.m */,
				D62A39C01A7F0AB9007347B5 /* Images.xcassets */,
				D62A39B01A7F0AB9007347B5 /* Supporting Files */,
			);
			path = iosapp;
			sourceTree = "<group>";
		};
		D62A39B01A7F0AB9007347B5 /* Supporting Files */ = {
			isa = PBXGroup;
			children = (
				D62A39B11A7F0AB9007347B5 /* Info.plist */,
				D62A39B21A7F0AB9007347B5 /* main.m */,
				D6D728261B5924F8000277F0 /* Localizable.strings */,
			);
			name = "Supporting Files";
			sourceTree = "<group>";
		};
		D62A39CC1A7F0AB9007347B5 /* iosappTests */ = {
			isa = PBXGroup;
			children = (
				D62A39CF1A7F0AB9007347B5 /* iosappTests.m */,
				D62A39CD1A7F0AB9007347B5 /* Supporting Files */,
			);
			path = iosappTests;
			sourceTree = "<group>";
		};
		D62A39CD1A7F0AB9007347B5 /* Supporting Files */ = {
			isa = PBXGroup;
			children = (
				D62A39CE1A7F0AB9007347B5 /* Info.plist */,
			);
			name = "Supporting Files";
			sourceTree = "<group>";
		};
		D64356A11B6CFE9400630A39 /* Notification */ = {
			isa = PBXGroup;
			children = (
				D64356A21B6CFEA300630A39 /* NotificationScene.h */,
				D64356A31B6CFED200630A39 /* NotificationScene.m */,
				D6D7E53B1B741E0400F45996 /* NotificationCell.h */,
				D6D7E53E1B741E5E00F45996 /* NotificationCell.m */,
				D66304BA1B7768FF0081B5A3 /* MomentNotificationCell.h */,
				D66304BB1B77692C0081B5A3 /* MomentNotificationCell.m */,
				D66304BD1B776E050081B5A3 /* ContactNotificationCell.h */,
				D66304BE1B776E320081B5A3 /* ContactNotificationCell.m */,
				D66304C01B780E5F0081B5A3 /* INotificationCellDelegate.h */,
			);
			path = Notification;
			sourceTree = "<group>";
		};
		D64356A51B6CFF2700630A39 /* Discover */ = {
			isa = PBXGroup;
			children = (
				D64356A61B6CFF3700630A39 /* DiscoverScene.h */,
				D64356A71B6CFF5B00630A39 /* DiscoverScene.m */,
			);
			path = Discover;
			sourceTree = "<group>";
		};
		D661EF521B4CE4E20019B280 /* Splash */ = {
			isa = PBXGroup;
			children = (
				D661EF531B4CE4F00019B280 /* SplashScene.h */,
				D661EF541B4CE5310019B280 /* SplashScene.m */,
			);
			path = Splash;
			sourceTree = "<group>";
		};
		D661EF591B4DC04F0019B280 /* SignIn */ = {
			isa = PBXGroup;
			children = (
				D661EF5B1B4DC0770019B280 /* SignInScene.h */,
				D661EF5C1B4DC0BB0019B280 /* SignInScene.m */,
			);
			path = SignIn;
			sourceTree = "<group>";
		};
		D661EF671B4DED130019B280 /* Util */ = {
			isa = PBXGroup;
			children = (
				D661EF681B4DED460019B280 /* KeyChainUtil.h */,
				D661EF691B4DEDA80019B280 /* KeyChainUtil.m */,
			);
			path = Util;
			sourceTree = "<group>";
		};
		D67332291B45075000A1D525 /* Request */ = {
			isa = PBXGroup;
			children = (
				D673322C1B4507F800A1D525 /* MomentListRequest.h */,
				D673322A1B4507E400A1D525 /* MomentListRequest.m */,
				D673322D1B450D9400A1D525 /* BaseRequest.h */,
				D673322E1B450DA300A1D525 /* BaseRequest.m */,
				C3602A771B48B218006DF6C8 /* UserListRequest.h */,
				C3602A781B48B246006DF6C8 /* UserListRequest.m */,
				D661EF611B4DE9300019B280 /* LoginRequest.h */,
				D661EF621B4DE9610019B280 /* LoginRequest.m */,
				C3FB7D581B526D7000A6B581 /* UserDetailsRequest.h */,
				C3FB7D591B526DAB00A6B581 /* UserDetailsRequest.m */,
				D6ECF1FA1B56185E001C013A /* UserListByChatIdRequest.h */,
				D6ECF1FB1B561877001C013A /* UserListByChatIdRequest.m */,
				D6ECF1FD1B5676EC001C013A /* ProfileRequest.h */,
				D6ECF1FE1B56772E001C013A /* ProfileRequest.m */,
				D65AEABA1B68623A0074313A /* RegisterRequest.h */,
				D65AEABB1B68624B0074313A /* RegisterRequest.m */,
				D65AEAC01B689E140074313A /* UpdateUserRequest.h */,
				D65AEAC11B689E400074313A /* UpdateUserRequest.m */,
				D65AEACF1B6974420074313A /* NewMomentRequest.h */,
				D65AEAD01B6974720074313A /* NewMomentRequest.m */,
				D6B13AE11B7008BD00930F66 /* CommentListRequest.h */,
				D6B13AE21B70092C00930F66 /* CommentListRequest.m */,
				D634061F1B72D1EC000C8EA1 /* NewCommentRequest.h */,
				D63406201B72D213000C8EA1 /* NewCommentRequest.m */,
				D6D7E5381B73607100F45996 /* UpdateMomentRequest.h */,
				D6D7E5391B73609900F45996 /* UpdateMomentRequest.m */,
				D65C9C641B7B1663000F6B9D /* UserByIdRequest.h */,
				D65C9C651B7B1697000F6B9D /* UserByIdRequest.m */,
				D6D554E61B88A03000004328 /* CountryRequest.h */,
				D6D554E71B88A05C00004328 /* CountryRequest.m */,
				D6D554EC1B892DF700004328 /* CityRequest.h */,
				D6D554ED1B892E2600004328 /* CityRequest.m */,
			);
			path = Request;
			sourceTree = "<group>";
		};
		D68B44F81A81DFB4001D306C /* Model */ = {
			isa = PBXGroup;
			children = (
				D6E049881B45238D00A867C8 /* MomentList.h */,
				D6E049891B45238D00A867C8 /* MomentList.m */,
				D67332261B44F7EA00A1D525 /* Moment.h */,
				D67332271B44F80F00A1D525 /* Moment.m */,
				C3602A7A1B48DB21006DF6C8 /* UserList.h */,
				C3602A7B1B48DB48006DF6C8 /* UserList.m */,
				C3602A7D1B48DBC1006DF6C8 /* User.h */,
				C3602A7E1B48DC0D006DF6C8 /* User.m */,
				D661EF641B4DEB610019B280 /* Profile.h */,
				D661EF651B4DEB9A0019B280 /* Profile.m */,
				D6ECF1F71B55B4D0001C013A /* Conversation.h */,
				D6ECF1F81B55B4F9001C013A /* Conversation.m */,
				D6ECF2081B576BF3001C013A /* BaseModel.h */,
				D6ECF2091B576C1B001C013A /* BaseModel.m */,
				D6E2A4771B5C6AB9008B3DC1 /* UserDetails.h */,
				D6E2A4781B5C6AC7008B3DC1 /* UserDetails.m */,
				D6D5E2431B61AA0E0027B0D9 /* Country.h */,
				D6D5E2441B61AA480027B0D9 /* Country.m */,
				D6B13AE41B70096400930F66 /* CommentList.h */,
				D6B13AE51B70099200930F66 /* CommentList.m */,
				D6B13AE71B7009B800930F66 /* Comment.h */,
				D6B13AE81B700A2E00930F66 /* Comment.m */,
				D6D7E5431B741FE100F45996 /* Notification.h */,
				D6D7E5441B7420BD00F45996 /* Notification.m */,
				D6D7E5461B74449F00F45996 /* Tab.h */,
				D6D7E5471B74496600F45996 /* Tab.m */,
				D6D554E91B88A13D00004328 /* CountryList.h */,
				D6D554EA1B88A17500004328 /* CountryList.m */,
				D62703711B89346300C32C0A /* CityList.h */,
				D62703721B89349100C32C0A /* CityList.m */,
				D62703741B8934AC00C32C0A /* City.h */,
				D62703751B8934D900C32C0A /* City.m */,
				D6C91ED41B9F84E8006A32F9 /* Tag.h */,
				D6C91ED51B9F84FA006A32F9 /* Tag.m */,
			);
			path = Model;
			sourceTree = "<group>";
		};
		D69748241A808862006004D1 /* Home */ = {
			isa = PBXGroup;
			children = (
				C37936B31B51449A00BDC3C3 /* Vendor */,
				D661EF671B4DED130019B280 /* Util */,
				D67332291B45075000A1D525 /* Request */,
				D60297C21A98C63B003575F2 /* Resource */,
				D68B44F81A81DFB4001D306C /* Model */,
				D69748331A80915E006004D1 /* SceneModel */,
				D69748261A8088C1006004D1 /* Scene */,
				D6D5BDC01B4F787600D6045F /* URLManage.plist */,
			);
			path = Home;
			sourceTree = "<group>";
		};
		D69748261A8088C1006004D1 /* Scene */ = {
			isa = PBXGroup;
			children = (
				D6D554E21B87DA5B00004328 /* Settings */,
				D64356A51B6CFF2700630A39 /* Discover */,
				D64356A11B6CFE9400630A39 /* Notification */,
				D6BD3C351B60C1A100E92870 /* Country */,
				D6EB35191B5D95430026E78C /* Base */,
				D6ECF1EC1B55ADCF001C013A /* Conversation */,
				C37936AC1B511A0500BDC3C3 /* Chat */,
				C37936A81B5113B700BDC3C3 /* User */,
				D6D5BDC61B4F89B600D6045F /* Profile */,
				D6099B4C1B608DFE00ECA44F /* SignUp */,
				D661EF591B4DC04F0019B280 /* SignIn */,
				D661EF521B4CE4E20019B280 /* Splash */,
				81C7F318018644C5E5355771 /* Moment */,
				D60297BA1A98BB5E003575F2 /* TabBarController.h */,
				D60297BB1A98BB5E003575F2 /* TabBarController.m */,
				D60297BD1A98BC25003575F2 /* RDNavigationController.h */,
				D60297BE1A98BC25003575F2 /* RDNavigationController.m */,
			);
			path = Scene;
			sourceTree = "<group>";
		};
		D69748331A80915E006004D1 /* SceneModel */ = {
			isa = PBXGroup;
			children = (
				D67332241B44F78400A1D525 /* MomentListSceneModel.h */,
				D67332221B44F75B00A1D525 /* MomentListSceneModel.m */,
				D661EF5E1B4DE3BC0019B280 /* SignInSceneModel.h */,
				D661EF5F1B4DE3F50019B280 /* SignInSceneModel.m */,
				C3BEC75F1B51EE5C00FB5474 /* ChatSceneModel.h */,
				C3BEC7601B51EE9400FB5474 /* ChatSceneModel.m */,
				D6ECF1F11B55AF97001C013A /* ConversationListSceneModel.h */,
				D6ECF1F21B55AFC1001C013A /* ConversationListSceneModel.m */,
				D6E2A4741B5C6594008B3DC1 /* UserSceneModel.h */,
				D6E2A4751B5C65D2008B3DC1 /* UserSceneModel.m */,
				D6D5E2461B61E4910027B0D9 /* SignUpSceneModel.h */,
				D6D5E2471B61E6690027B0D9 /* SIgnUpSceneModel.m */,
				D6D5E2591B636EDC0027B0D9 /* VerifySceneModel.h */,
				D6D5E25A1B636EF30027B0D9 /* VerifySceneModel.m */,
				D65AEABD1B689A980074313A /* AvatarSceneModel.h */,
				D65AEABE1B689AAC0074313A /* AvatarSceneModel.m */,
				D65AEAC61B690ED40074313A /* BaseSceneModel.h */,
				D65AEAC71B690EFD0074313A /* BaseSceneModel.m */,
				D643569E1B6C754100630A39 /* NewMomentSceneModel.h */,
				D643569F1B6C757000630A39 /* NewMomentSceneModel.m */,
				D6E499DC1B6F33DA0006C67C /* MomentCellSceneModel.h */,
				D6E499DD1B6F347B0006C67C /* MomentCellSceneModel.m */,
				D6B13ADE1B6F807D00930F66 /* MomentDetailsSceneModel.h */,
				D6B13ADF1B6F81A000930F66 /* MomentDetailsSceneModel.m */,
				D6B13AED1B7029BD00930F66 /* CommentCellSceneModel.h */,
				D6B13AEE1B7029EB00930F66 /* CommentCellSceneModel.m */,
				D65675E11B72AC9F00788146 /* ContextSceneModel.h */,
				D65675E21B72ACC600788146 /* ContextSceneModel.m */,
				D6D7E5401B741F1000F45996 /* NotificationListSceneModel.h */,
				D6D7E5411B741F5200F45996 /* NotificationListSceneModel.m */,
				D6D554DC1B86709B00004328 /* ContactListSceneModel.h */,
				D6D554DD1B8670AA00004328 /* ContactListSceneModel.m */,
				D62703771B896FB600C32C0A /* EditProfileSceneModel.h */,
				D62703781B89701F00C32C0A /* EditProfileSceneModel.m */,
			);
			path = SceneModel;
			sourceTree = "<group>";
		};
		D6BD3C351B60C1A100E92870 /* Country */ = {
			isa = PBXGroup;
			children = (
				D6BD3C361B60C1B200E92870 /* CountryScene.h */,
				D6BD3C371B60C1DB00E92870 /* CountryScene.m */,
				D6D5E2401B61A5890027B0D9 /* CountryCell.h */,
				D6D5E2411B61A5DF0027B0D9 /* CountryCell.m */,
			);
			path = Country;
			sourceTree = "<group>";
		};
		D6D554E21B87DA5B00004328 /* Settings */ = {
			isa = PBXGroup;
			children = (
				D6D554E31B87DA5B00004328 /* SettingsScene.h */,
				D6D554E41B87DA5B00004328 /* SettingsScene.m */,
			);
			path = Settings;
			sourceTree = "<group>";
		};
		D6D5BDC61B4F89B600D6045F /* Profile */ = {
			isa = PBXGroup;
			children = (
				D6D5BDC71B4F89CE00D6045F /* ProfileScene.h */,
				D6D5BDC81B4F89F300D6045F /* ProfileScene.m */,
				D6D554D21B84AFBD00004328 /* EditProfileScene.h */,
				D6D554D31B84AFEC00004328 /* EditProfileScene.m */,
				D627037A1B8A888200C32C0A /* IEditAvatarDelegate.h */,
			);
			path = Profile;
			sourceTree = "<group>";
		};
		D6D5E2491B6200E90027B0D9 /* SMS_SDK */ = {
			isa = PBXGroup;
			children = (
				D6D5E24A1B6200E90027B0D9 /* SMS_SDKLocalizable.strings */,
				D6D5E24C1B6200E90027B0D9 /* SMS_SDK.framework */,
			);
			path = SMS_SDK;
			sourceTree = "<group>";
		};
		D6EB35191B5D95430026E78C /* Base */ = {
			isa = PBXGroup;
			children = (
				D6EB351A1B5D95500026E78C /* BaseScene.h */,
				D6EB351B1B5D95770026E78C /* BaseScene.m */,
			);
			path = Base;
			sourceTree = "<group>";
		};
		D6ECF1EC1B55ADCF001C013A /* Conversation */ = {
			isa = PBXGroup;
			children = (
				D6ECF1ED1B55ADE0001C013A /* ConversationScene.h */,
				D6ECF1EE1B55AE19001C013A /* ConversationScene.m */,
				D6ECF1F41B55B098001C013A /* ConversationCell.h */,
				D6ECF1F51B55B0DC001C013A /* ConversationCell.m */,
			);
			path = Conversation;
			sourceTree = "<group>";
		};
/* End PBXGroup section */

/* Begin PBXNativeTarget section */
		D62A39AC1A7F0AB9007347B5 /* iosapp */ = {
			isa = PBXNativeTarget;
			buildConfigurationList = D62A39D31A7F0AB9007347B5 /* Build configuration list for PBXNativeTarget "iosapp" */;
			buildPhases = (
				0A3CCE6939BF5C7442156ED3 /* Check Pods Manifest.lock */,
				D62A39A91A7F0AB9007347B5 /* Sources */,
				D62A39AA1A7F0AB9007347B5 /* Frameworks */,
				D62A39AB1A7F0AB9007347B5 /* Resources */,
				4847BCDCD16F0E0A9F15C7BF /* Copy Pods Resources */,
			);
			buildRules = (
			);
			dependencies = (
			);
			name = iosapp;
			productName = iosapp;
			productReference = D62A39AD1A7F0AB9007347B5 /* iosapp.app */;
			productType = "com.apple.product-type.application";
		};
		D62A39C81A7F0AB9007347B5 /* iosappTests */ = {
			isa = PBXNativeTarget;
			buildConfigurationList = D62A39D61A7F0AB9007347B5 /* Build configuration list for PBXNativeTarget "iosappTests" */;
			buildPhases = (
				D62A39C51A7F0AB9007347B5 /* Sources */,
				D62A39C61A7F0AB9007347B5 /* Frameworks */,
				D62A39C71A7F0AB9007347B5 /* Resources */,
			);
			buildRules = (
			);
			dependencies = (
				D62A39CB1A7F0AB9007347B5 /* PBXTargetDependency */,
			);
			name = iosappTests;
			productName = iosappTests;
			productReference = D62A39C91A7F0AB9007347B5 /* iosappTests.xctest */;
			productType = "com.apple.product-type.bundle.unit-test";
		};
/* End PBXNativeTarget section */

/* Begin PBXProject section */
		D62A39A51A7F0AB9007347B5 /* Project object */ = {
			isa = PBXProject;
			attributes = {
				LastUpgradeCheck = 0610;
				ORGANIZATIONNAME = "YU XING TECHNOLOGY PTY. LTD.";
				TargetAttributes = {
					D62A39AC1A7F0AB9007347B5 = {
						CreatedOnToolsVersion = 6.1.1;
					};
					D62A39C81A7F0AB9007347B5 = {
						CreatedOnToolsVersion = 6.1.1;
						TestTargetID = D62A39AC1A7F0AB9007347B5;
					};
				};
			};
			buildConfigurationList = D62A39A81A7F0AB9007347B5 /* Build configuration list for PBXProject "iosapp" */;
			compatibilityVersion = "Xcode 3.2";
			developmentRegion = English;
			hasScannedForEncodings = 0;
			knownRegions = (
				en,
				Base,
				"zh-Hans",
			);
			mainGroup = D62A39A41A7F0AB9007347B5;
			productRefGroup = D62A39AE1A7F0AB9007347B5 /* Products */;
			projectDirPath = "";
			projectRoot = "";
			targets = (
				D62A39AC1A7F0AB9007347B5 /* iosapp */,
				D62A39C81A7F0AB9007347B5 /* iosappTests */,
			);
		};
/* End PBXProject section */

/* Begin PBXResourcesBuildPhase section */
		D62A39AB1A7F0AB9007347B5 /* Resources */ = {
			isa = PBXResourcesBuildPhase;
			buildActionMask = 2147483647;
			files = (
				D6D728241B5924F8000277F0 /* Localizable.strings in Resources */,
				D62A39C11A7F0AB9007347B5 /* Images.xcassets in Resources */,
				D6D5E24E1B6200E90027B0D9 /* SMS_SDKLocalizable.strings in Resources */,
				D60297C41A98C64D003575F2 /* XinGothic.otf in Resources */,
				D6D5BDC11B4F787600D6045F /* URLManage.plist in Resources */,
			);
			runOnlyForDeploymentPostprocessing = 0;
		};
		D62A39C71A7F0AB9007347B5 /* Resources */ = {
			isa = PBXResourcesBuildPhase;
			buildActionMask = 2147483647;
			files = (
			);
			runOnlyForDeploymentPostprocessing = 0;
		};
/* End PBXResourcesBuildPhase section */

/* Begin PBXShellScriptBuildPhase section */
		0A3CCE6939BF5C7442156ED3 /* Check Pods Manifest.lock */ = {
			isa = PBXShellScriptBuildPhase;
			buildActionMask = 2147483647;
			files = (
			);
			inputPaths = (
			);
			name = "Check Pods Manifest.lock";
			outputPaths = (
			);
			runOnlyForDeploymentPostprocessing = 0;
			shellPath = /bin/sh;
			shellScript = "diff \"${PODS_ROOT}/../Podfile.lock\" \"${PODS_ROOT}/Manifest.lock\" > /dev/null\nif [[ $? != 0 ]] ; then\n    cat << EOM\nerror: The sandbox is not in sync with the Podfile.lock. Run 'pod install' or update your CocoaPods installation.\nEOM\n    exit 1\nfi\n";
			showEnvVarsInLog = 0;
		};
		4847BCDCD16F0E0A9F15C7BF /* Copy Pods Resources */ = {
			isa = PBXShellScriptBuildPhase;
			buildActionMask = 2147483647;
			files = (
			);
			inputPaths = (
			);
			name = "Copy Pods Resources";
			outputPaths = (
			);
			runOnlyForDeploymentPostprocessing = 0;
			shellPath = /bin/sh;
			shellScript = "\"${SRCROOT}/Pods/Target Support Files/Pods/Pods-resources.sh\"\n";
			showEnvVarsInLog = 0;
		};
/* End PBXShellScriptBuildPhase section */

/* Begin PBXSourcesBuildPhase section */
		D62A39A91A7F0AB9007347B5 /* Sources */ = {
			isa = PBXSourcesBuildPhase;
			buildActionMask = 2147483647;
			files = (
				C3602A791B48B246006DF6C8 /* UserListRequest.m in Sources */,
				D6D5BDC51B4F835100D6045F /* Aspect-Config.m in Sources */,
				D6D554D11B841D4900004328 /* ProfileAvatarView.m in Sources */,
				D6D554E51B87DA5B00004328 /* SettingsScene.m in Sources */,
				D65AEABC1B68624B0074313A /* RegisterRequest.m in Sources */,
				D6B13AE61B70099200930F66 /* CommentList.m in Sources */,
				D6D5E2581B635A020027B0D9 /* VerifyScene.m in Sources */,
				D65AEAC81B690EFD0074313A /* BaseSceneModel.m in Sources */,
				D6ECF1F31B55AFC1001C013A /* ConversationListSceneModel.m in Sources */,
				D64356A81B6CFF5B00630A39 /* DiscoverScene.m in Sources */,
				D60297C61A98C679003575F2 /* Aspect-Font.m in Sources */,
				D64356A41B6CFED200630A39 /* NotificationScene.m in Sources */,
				D62703761B8934D900C32C0A /* City.m in Sources */,
				D6D554E11B8676E100004328 /* ContactCell.m in Sources */,
				D6D665171B7C57E300EB52DF /* PhotoCell.m in Sources */,
				D66304BC1B77692C0081B5A3 /* MomentNotificationCell.m in Sources */,
				D6ECF1EF1B55AE19001C013A /* ConversationScene.m in Sources */,
				D6D5E25B1B636EF30027B0D9 /* VerifySceneModel.m in Sources */,
				D661EF5D1B4DC0BB0019B280 /* SignInScene.m in Sources */,
				D6ECF1FC1B561877001C013A /* UserListByChatIdRequest.m in Sources */,
				D6D554D41B84AFEC00004328 /* EditProfileScene.m in Sources */,
				D65AEACE1B6913140074313A /* CustomAction.m in Sources */,
				C3602A7F1B48DC0E006DF6C8 /* User.m in Sources */,
				D6BD3C381B60C1DB00E92870 /* CountryScene.m in Sources */,
				D60297BF1A98BC25003575F2 /* RDNavigationController.m in Sources */,
				D6ECF1F61B55B0DC001C013A /* ConversationCell.m in Sources */,
				D67332281B44F80F00A1D525 /* Moment.m in Sources */,
				D6D7E5451B7420BD00F45996 /* Notification.m in Sources */,
				D65C9C661B7B1697000F6B9D /* UserByIdRequest.m in Sources */,
				D6D5E2451B61AA480027B0D9 /* Country.m in Sources */,
				D6C91ED31B9C5111006A32F9 /* TagPanGestureRecognizer.m in Sources */,
				D6B13AEF1B7029EB00930F66 /* CommentCellSceneModel.m in Sources */,
				D661EF601B4DE3F50019B280 /* SignInSceneModel.m in Sources */,
				D6ECF1FF1B56772E001C013A /* ProfileRequest.m in Sources */,
				D6ECF20A1B576C1B001C013A /* BaseModel.m in Sources */,
				D6E499DE1B6F347B0006C67C /* MomentCellSceneModel.m in Sources */,
				D661EF6A1B4DEDA80019B280 /* KeyChainUtil.m in Sources */,
				C3602A7C1B48DB48006DF6C8 /* UserList.m in Sources */,
				D6D554E81B88A05C00004328 /* CountryRequest.m in Sources */,
				D6D7E53F1B741E5E00F45996 /* NotificationCell.m in Sources */,
				D62A39B61A7F0AB9007347B5 /* AppDelegate.m in Sources */,
				D6DAEE5D1B9903D70057B653 /* MomentTagScene.m in Sources */,
				D673322F1B450DA300A1D525 /* BaseRequest.m in Sources */,
				C3BEC7611B51EE9400FB5474 /* ChatSceneModel.m in Sources */,
				D643569D1B6C3F5200630A39 /* NewMomentScene.m in Sources */,
				D65AEAC51B68A4D90074313A /* QiniuUploader+Url.m in Sources */,
				D65675E31B72ACC600788146 /* ContextSceneModel.m in Sources */,
				D661EF551B4CE5310019B280 /* SplashScene.m in Sources */,
				D6D554EB1B88A17500004328 /* CountryList.m in Sources */,
				D661EF661B4DEB9A0019B280 /* Profile.m in Sources */,
				D60297BC1A98BB5E003575F2 /* TabBarController.m in Sources */,
				D6D554DE1B8670AA00004328 /* ContactListSceneModel.m in Sources */,
				D60297B91A98BAC7003575F2 /* Aspect-Window.m in Sources */,
				D65AEAD11B6974720074313A /* NewMomentRequest.m in Sources */,
				D6D5E2481B61E6690027B0D9 /* SIgnUpSceneModel.m in Sources */,
				D67332251B44F7D900A1D525 /* MomentListSceneModel.m in Sources */,
				D6041B611B82ABCC00EC0CC3 /* AddContactScene.m in Sources */,
				D6D7E5421B741F5200F45996 /* NotificationListSceneModel.m in Sources */,
				D6ECF20D1B587B2A001C013A /* AvatarImageView.m in Sources */,
				D6D554DB1B85445300004328 /* ContactListScene.m in Sources */,
				D661508F1B63C06D009F33A4 /* Aspect-ShareSDK.m in Sources */,
				D65675E01B72ABE000788146 /* Aspect-Context.m in Sources */,
				D6E049941B49447600A867C8 /* Aspect-Util.m in Sources */,
				D6D7E5481B74496600F45996 /* Tab.m in Sources */,
				C37936AF1B511A4B00BDC3C3 /* ChatScene.m in Sources */,
				D6C91ECD1B9C1ECE006A32F9 /* TagView.m in Sources */,
				D6B13AEC1B700E9E00930F66 /* CommentCell.m in Sources */,
				D621D74F1B63A3F8006D058C /* PrimaryButton.m in Sources */,
				D6099B4F1B608E3900ECA44F /* SignUpScene.m in Sources */,
				D60297C11A98C518003575F2 /* Aspect-Appearance.m in Sources */,
				D6B13AE01B6F81A000930F66 /* MomentDetailsSceneModel.m in Sources */,
				C37936B61B51451100BDC3C3 /* NSDate+Category.m in Sources */,
				D673322B1B4507E400A1D525 /* MomentListRequest.m in Sources */,
				D64356A01B6C757000630A39 /* NewMomentSceneModel.m in Sources */,
				D6EB351C1B5D95770026E78C /* BaseScene.m in Sources */,
				D6B13AE31B70092C00930F66 /* CommentListRequest.m in Sources */,
				D6D7E53A1B73609900F45996 /* UpdateMomentRequest.m in Sources */,
				D6041B5E1B827E7300EC0CC3 /* UserSectionHeader.m in Sources */,
				D6E499DB1B6EE4760006C67C /* MomentDetailsScene.m in Sources */,
				D6E2A4791B5C6AC7008B3DC1 /* UserDetails.m in Sources */,
				D6D5BDCB1B4F9F6C00D6045F /* Aspect-EaseMob.m in Sources */,
				D65675E61B72B06300788146 /* CustomDatabase.m in Sources */,
				D6D5E2421B61A5DF0027B0D9 /* CountryCell.m in Sources */,
				C37936AB1B5113F100BDC3C3 /* UserScene.m in Sources */,
				C37936B91B51453C00BDC3C3 /* NSDateFormatter+Category.m in Sources */,
				D6C91ED01B9C2494006A32F9 /* PinView.m in Sources */,
				D65AEABF1B689AAC0074313A /* AvatarSceneModel.m in Sources */,
				D6D554EE1B892E2600004328 /* CityRequest.m in Sources */,
				D63406271B7332CF000C8EA1 /* LikeButton.m in Sources */,
				D6E0498A1B45238D00A867C8 /* MomentList.m in Sources */,
				D6E2A4761B5C65D2008B3DC1 /* UserSceneModel.m in Sources */,
				D66304BF1B776E320081B5A3 /* ContactNotificationCell.m in Sources */,
				D659DA841B6602D90084D678 /* Aspect-TuSDK.m in Sources */,
				D6D5BDC91B4F89F300D6045F /* ProfileScene.m in Sources */,
				D6DAEE651B9BBE020057B653 /* SWNinePatchImageFactory.m in Sources */,
				D62A39B31A7F0AB9007347B5 /* main.m in Sources */,
				C3FB7D5A1B526DAB00A6B581 /* UserDetailsRequest.m in Sources */,
				D63406211B72D213000C8EA1 /* NewCommentRequest.m in Sources */,
				D661EF631B4DE9610019B280 /* LoginRequest.m in Sources */,
				D65AEAB91B679B7B0074313A /* Aspect-QiniuSDK.m in Sources */,
				D6041B5B1B81914F00EC0CC3 /* FXBlurView.m in Sources */,
				D67535101B64EE5D00B09245 /* AvatarScene.m in Sources */,
				81C7F405F41A0E7F648738E4 /* MomentScene.m in Sources */,
				D6E0498D1B47B2DA00A867C8 /* MomentCell.m in Sources */,
				D6D6651A1B7E9ACA00EB52DF /* UserHeader.m in Sources */,
				D65AEAC21B689E400074313A /* UpdateUserRequest.m in Sources */,
				D62703731B89349100C32C0A /* CityList.m in Sources */,
				D62703791B89701F00C32C0A /* EditProfileSceneModel.m in Sources */,
				D6C91ED61B9F84FA006A32F9 /* Tag.m in Sources */,
				D6ECF1F91B55B4F9001C013A /* Conversation.m in Sources */,
				D6ECF2071B570133001C013A /* ChatSendHelper.m in Sources */,
				D6B13AE91B700A2E00930F66 /* Comment.m in Sources */,
			);
			runOnlyForDeploymentPostprocessing = 0;
		};
		D62A39C51A7F0AB9007347B5 /* Sources */ = {
			isa = PBXSourcesBuildPhase;
			buildActionMask = 2147483647;
			files = (
				D62A39D01A7F0AB9007347B5 /* iosappTests.m in Sources */,
			);
			runOnlyForDeploymentPostprocessing = 0;
		};
/* End PBXSourcesBuildPhase section */

/* Begin PBXTargetDependency section */
		D62A39CB1A7F0AB9007347B5 /* PBXTargetDependency */ = {
			isa = PBXTargetDependency;
			target = D62A39AC1A7F0AB9007347B5 /* iosapp */;
			targetProxy = D62A39CA1A7F0AB9007347B5 /* PBXContainerItemProxy */;
		};
/* End PBXTargetDependency section */

/* Begin PBXVariantGroup section */
		D6D5E24A1B6200E90027B0D9 /* SMS_SDKLocalizable.strings */ = {
			isa = PBXVariantGroup;
			children = (
				D6D5E24B1B6200E90027B0D9 /* en */,
				D6D5E24D1B6200E90027B0D9 /* zh-Hans */,
			);
			name = SMS_SDKLocalizable.strings;
			sourceTree = "<group>";
		};
		D6D728261B5924F8000277F0 /* Localizable.strings */ = {
			isa = PBXVariantGroup;
			children = (
				D6D728251B5924F8000277F0 /* zh-Hans */,
				D6D728271B592585000277F0 /* en */,
			);
			name = Localizable.strings;
			sourceTree = "<group>";
		};
/* End PBXVariantGroup section */

/* Begin XCBuildConfiguration section */
		D62A39D11A7F0AB9007347B5 /* Debug */ = {
			isa = XCBuildConfiguration;
			buildSettings = {
				ALWAYS_SEARCH_USER_PATHS = NO;
				CLANG_CXX_LANGUAGE_STANDARD = "gnu++0x";
				CLANG_CXX_LIBRARY = "libc++";
				CLANG_ENABLE_MODULES = YES;
				CLANG_ENABLE_OBJC_ARC = YES;
				CLANG_WARN_BOOL_CONVERSION = YES;
				CLANG_WARN_CONSTANT_CONVERSION = YES;
				CLANG_WARN_DIRECT_OBJC_ISA_USAGE = YES_ERROR;
				CLANG_WARN_EMPTY_BODY = YES;
				CLANG_WARN_ENUM_CONVERSION = YES;
				CLANG_WARN_INT_CONVERSION = YES;
				CLANG_WARN_OBJC_ROOT_CLASS = YES_ERROR;
				CLANG_WARN_UNREACHABLE_CODE = YES;
				CLANG_WARN__DUPLICATE_METHOD_MATCH = YES;
				"CODE_SIGN_IDENTITY[sdk=iphoneos*]" = "iPhone Developer";
				COPY_PHASE_STRIP = NO;
				ENABLE_STRICT_OBJC_MSGSEND = YES;
				GCC_C_LANGUAGE_STANDARD = gnu99;
				GCC_DYNAMIC_NO_PIC = NO;
				GCC_OPTIMIZATION_LEVEL = 0;
				GCC_PREPROCESSOR_DEFINITIONS = (
					"DEBUG=1",
					"$(inherited)",
				);
				GCC_SYMBOLS_PRIVATE_EXTERN = NO;
				GCC_WARN_64_TO_32_BIT_CONVERSION = YES;
				GCC_WARN_ABOUT_RETURN_TYPE = YES_ERROR;
				GCC_WARN_UNDECLARED_SELECTOR = YES;
				GCC_WARN_UNINITIALIZED_AUTOS = YES_AGGRESSIVE;
				GCC_WARN_UNUSED_FUNCTION = YES;
				GCC_WARN_UNUSED_VARIABLE = YES;
				IPHONEOS_DEPLOYMENT_TARGET = 7.1;
				MTL_ENABLE_DEBUG_INFO = YES;
				ONLY_ACTIVE_ARCH = YES;
				SDKROOT = iphoneos;
			};
			name = Debug;
		};
		D62A39D21A7F0AB9007347B5 /* Release */ = {
			isa = XCBuildConfiguration;
			buildSettings = {
				ALWAYS_SEARCH_USER_PATHS = NO;
				CLANG_CXX_LANGUAGE_STANDARD = "gnu++0x";
				CLANG_CXX_LIBRARY = "libc++";
				CLANG_ENABLE_MODULES = YES;
				CLANG_ENABLE_OBJC_ARC = YES;
				CLANG_WARN_BOOL_CONVERSION = YES;
				CLANG_WARN_CONSTANT_CONVERSION = YES;
				CLANG_WARN_DIRECT_OBJC_ISA_USAGE = YES_ERROR;
				CLANG_WARN_EMPTY_BODY = YES;
				CLANG_WARN_ENUM_CONVERSION = YES;
				CLANG_WARN_INT_CONVERSION = YES;
				CLANG_WARN_OBJC_ROOT_CLASS = YES_ERROR;
				CLANG_WARN_UNREACHABLE_CODE = YES;
				CLANG_WARN__DUPLICATE_METHOD_MATCH = YES;
				"CODE_SIGN_IDENTITY[sdk=iphoneos*]" = "iPhone Developer";
				COPY_PHASE_STRIP = YES;
				ENABLE_NS_ASSERTIONS = NO;
				ENABLE_STRICT_OBJC_MSGSEND = YES;
				GCC_C_LANGUAGE_STANDARD = gnu99;
				GCC_WARN_64_TO_32_BIT_CONVERSION = YES;
				GCC_WARN_ABOUT_RETURN_TYPE = YES_ERROR;
				GCC_WARN_UNDECLARED_SELECTOR = YES;
				GCC_WARN_UNINITIALIZED_AUTOS = YES_AGGRESSIVE;
				GCC_WARN_UNUSED_FUNCTION = YES;
				GCC_WARN_UNUSED_VARIABLE = YES;
				IPHONEOS_DEPLOYMENT_TARGET = 7.1;
				MTL_ENABLE_DEBUG_INFO = NO;
				SDKROOT = iphoneos;
				VALIDATE_PRODUCT = YES;
			};
			name = Release;
		};
		D62A39D41A7F0AB9007347B5 /* Debug */ = {
			isa = XCBuildConfiguration;
			baseConfigurationReference = 57BF2565B97FD670D003AC9D /* Pods.debug.xcconfig */;
			buildSettings = {
				ASSETCATALOG_COMPILER_APPICON_NAME = AppIcon;
				FRAMEWORK_SEARCH_PATHS = (
					"$(inherited)",
					"$(PROJECT_DIR)/SMS_SDK",
				);
				INFOPLIST_FILE = iosapp/Info.plist;
				LD_RUNPATH_SEARCH_PATHS = "$(inherited) @executable_path/Frameworks";
				PRODUCT_NAME = "$(TARGET_NAME)";
			};
			name = Debug;
		};
		D62A39D51A7F0AB9007347B5 /* Release */ = {
			isa = XCBuildConfiguration;
			baseConfigurationReference = 37FF956BF805A7F61E92BD4C /* Pods.release.xcconfig */;
			buildSettings = {
				ASSETCATALOG_COMPILER_APPICON_NAME = AppIcon;
				FRAMEWORK_SEARCH_PATHS = (
					"$(inherited)",
					"$(PROJECT_DIR)/SMS_SDK",
				);
				INFOPLIST_FILE = iosapp/Info.plist;
				LD_RUNPATH_SEARCH_PATHS = "$(inherited) @executable_path/Frameworks";
				PRODUCT_NAME = "$(TARGET_NAME)";
			};
			name = Release;
		};
		D62A39D71A7F0AB9007347B5 /* Debug */ = {
			isa = XCBuildConfiguration;
			buildSettings = {
				BUNDLE_LOADER = "$(TEST_HOST)";
				FRAMEWORK_SEARCH_PATHS = (
					"$(SDKROOT)/Developer/Library/Frameworks",
					"$(inherited)",
				);
				GCC_PREPROCESSOR_DEFINITIONS = (
					"DEBUG=1",
					"$(inherited)",
				);
				INFOPLIST_FILE = iosappTests/Info.plist;
				LD_RUNPATH_SEARCH_PATHS = "$(inherited) @executable_path/Frameworks @loader_path/Frameworks";
				PRODUCT_NAME = "$(TARGET_NAME)";
				TEST_HOST = "$(BUILT_PRODUCTS_DIR)/iosapp.app/iosapp";
			};
			name = Debug;
		};
		D62A39D81A7F0AB9007347B5 /* Release */ = {
			isa = XCBuildConfiguration;
			buildSettings = {
				BUNDLE_LOADER = "$(TEST_HOST)";
				FRAMEWORK_SEARCH_PATHS = (
					"$(SDKROOT)/Developer/Library/Frameworks",
					"$(inherited)",
				);
				INFOPLIST_FILE = iosappTests/Info.plist;
				LD_RUNPATH_SEARCH_PATHS = "$(inherited) @executable_path/Frameworks @loader_path/Frameworks";
				PRODUCT_NAME = "$(TARGET_NAME)";
				TEST_HOST = "$(BUILT_PRODUCTS_DIR)/iosapp.app/iosapp";
			};
			name = Release;
		};
/* End XCBuildConfiguration section */

/* Begin XCConfigurationList section */
		D62A39A81A7F0AB9007347B5 /* Build configuration list for PBXProject "iosapp" */ = {
			isa = XCConfigurationList;
			buildConfigurations = (
				D62A39D11A7F0AB9007347B5 /* Debug */,
				D62A39D21A7F0AB9007347B5 /* Release */,
			);
			defaultConfigurationIsVisible = 0;
			defaultConfigurationName = Release;
		};
		D62A39D31A7F0AB9007347B5 /* Build configuration list for PBXNativeTarget "iosapp" */ = {
			isa = XCConfigurationList;
			buildConfigurations = (
				D62A39D41A7F0AB9007347B5 /* Debug */,
				D62A39D51A7F0AB9007347B5 /* Release */,
			);
			defaultConfigurationIsVisible = 0;
			defaultConfigurationName = Release;
		};
		D62A39D61A7F0AB9007347B5 /* Build configuration list for PBXNativeTarget "iosappTests" */ = {
			isa = XCConfigurationList;
			buildConfigurations = (
				D62A39D71A7F0AB9007347B5 /* Debug */,
				D62A39D81A7F0AB9007347B5 /* Release */,
			);
			defaultConfigurationIsVisible = 0;
			defaultConfigurationName = Release;
		};
/* End XCConfigurationList section */
	};
	rootObject = D62A39A51A7F0AB9007347B5 /* Project object */;
}
