// !$*UTF8*$!
{
	archiveVersion = 1;
	classes = {
	};
	objectVersion = 46;
	objects = {

/* Begin PBXBuildFile section */
		4A39A89232F472FAA868B4EB /* libPods.a in Frameworks */ = {isa = PBXBuildFile; fileRef = DCCE54AD975929494FE5A76D /* libPods.a */; };
		D62A39B31A7F0AB9007347B5 /* main.m in Sources */ = {isa = PBXBuildFile; fileRef = D62A39B21A7F0AB9007347B5 /* main.m */; };
		D62A39B61A7F0AB9007347B5 /* AppDelegate.m in Sources */ = {isa = PBXBuildFile; fileRef = D62A39B51A7F0AB9007347B5 /* AppDelegate.m */; };
		D62A39BF1A7F0AB9007347B5 /* Main.storyboard in Resources */ = {isa = PBXBuildFile; fileRef = D62A39BD1A7F0AB9007347B5 /* Main.storyboard */; };
		D62A39C11A7F0AB9007347B5 /* Images.xcassets in Resources */ = {isa = PBXBuildFile; fileRef = D62A39C01A7F0AB9007347B5 /* Images.xcassets */; };
		D62A39D01A7F0AB9007347B5 /* iosappTests.m in Sources */ = {isa = PBXBuildFile; fileRef = D62A39CF1A7F0AB9007347B5 /* iosappTests.m */; };
		D68B44F71A818486001D306C /* RestApi.m in Sources */ = {isa = PBXBuildFile; fileRef = D68B44F61A818486001D306C /* RestApi.m */; };
		D68B44FB1A81DFCC001D306C /* PartyList.m in Sources */ = {isa = PBXBuildFile; fileRef = D68B44FA1A81DFCC001D306C /* PartyList.m */; };
		D68B44FE1A81E6EF001D306C /* Party.m in Sources */ = {isa = PBXBuildFile; fileRef = D68B44FD1A81E6EF001D306C /* Party.m */; };
		D69748291A8088F8006004D1 /* BaseScene.m in Sources */ = {isa = PBXBuildFile; fileRef = D69748281A8088F8006004D1 /* BaseScene.m */; };
		D697482F1A808FF8006004D1 /* PartyScene.m in Sources */ = {isa = PBXBuildFile; fileRef = D697482E1A808FF8006004D1 /* PartyScene.m */; };
		D69748321A80902E006004D1 /* AskingScene.m in Sources */ = {isa = PBXBuildFile; fileRef = D69748311A80902E006004D1 /* AskingScene.m */; };
		D69748361A809178006004D1 /* PartySceneModel.m in Sources */ = {isa = PBXBuildFile; fileRef = D69748351A809178006004D1 /* PartySceneModel.m */; };
		D69748391A809417006004D1 /* LoaderScene.m in Sources */ = {isa = PBXBuildFile; fileRef = D69748381A809417006004D1 /* LoaderScene.m */; };
		D697483C1A80F48C006004D1 /* BaseSceneModel.m in Sources */ = {isa = PBXBuildFile; fileRef = D697483B1A80F48C006004D1 /* BaseSceneModel.m */; };
		D697483F1A80F864006004D1 /* AskingSceneModel.m in Sources */ = {isa = PBXBuildFile; fileRef = D697483E1A80F864006004D1 /* AskingSceneModel.m */; };
/* End PBXBuildFile section */

/* Begin PBXContainerItemProxy section */
		D62A39CA1A7F0AB9007347B5 /* PBXContainerItemProxy */ = {
			isa = PBXContainerItemProxy;
			containerPortal = D62A39A51A7F0AB9007347B5 /* Project object */;
			proxyType = 1;
			remoteGlobalIDString = D62A39AC1A7F0AB9007347B5;
			remoteInfo = iosapp;
		};
/* End PBXContainerItemProxy section */

/* Begin PBXFileReference section */
		37FF956BF805A7F61E92BD4C /* Pods.release.xcconfig */ = {isa = PBXFileReference; includeInIndex = 1; lastKnownFileType = text.xcconfig; name = Pods.release.xcconfig; path = "Pods/Target Support Files/Pods/Pods.release.xcconfig"; sourceTree = "<group>"; };
		57BF2565B97FD670D003AC9D /* Pods.debug.xcconfig */ = {isa = PBXFileReference; includeInIndex = 1; lastKnownFileType = text.xcconfig; name = Pods.debug.xcconfig; path = "Pods/Target Support Files/Pods/Pods.debug.xcconfig"; sourceTree = "<group>"; };
		D62A39AD1A7F0AB9007347B5 /* iosapp.app */ = {isa = PBXFileReference; explicitFileType = wrapper.application; includeInIndex = 0; path = iosapp.app; sourceTree = BUILT_PRODUCTS_DIR; };
		D62A39B11A7F0AB9007347B5 /* Info.plist */ = {isa = PBXFileReference; lastKnownFileType = text.plist.xml; path = Info.plist; sourceTree = "<group>"; };
		D62A39B21A7F0AB9007347B5 /* main.m */ = {isa = PBXFileReference; lastKnownFileType = sourcecode.c.objc; path = main.m; sourceTree = "<group>"; };
		D62A39B41A7F0AB9007347B5 /* AppDelegate.h */ = {isa = PBXFileReference; lastKnownFileType = sourcecode.c.h; path = AppDelegate.h; sourceTree = "<group>"; };
		D62A39B51A7F0AB9007347B5 /* AppDelegate.m */ = {isa = PBXFileReference; lastKnownFileType = sourcecode.c.objc; path = AppDelegate.m; sourceTree = "<group>"; };
		D62A39BE1A7F0AB9007347B5 /* Base */ = {isa = PBXFileReference; lastKnownFileType = file.storyboard; name = Base; path = Base.lproj/Main.storyboard; sourceTree = "<group>"; };
		D62A39C01A7F0AB9007347B5 /* Images.xcassets */ = {isa = PBXFileReference; lastKnownFileType = folder.assetcatalog; path = Images.xcassets; sourceTree = "<group>"; };
		D62A39C91A7F0AB9007347B5 /* iosappTests.xctest */ = {isa = PBXFileReference; explicitFileType = wrapper.cfbundle; includeInIndex = 0; path = iosappTests.xctest; sourceTree = BUILT_PRODUCTS_DIR; };
		D62A39CE1A7F0AB9007347B5 /* Info.plist */ = {isa = PBXFileReference; lastKnownFileType = text.plist.xml; path = Info.plist; sourceTree = "<group>"; };
		D62A39CF1A7F0AB9007347B5 /* iosappTests.m */ = {isa = PBXFileReference; lastKnownFileType = sourcecode.c.objc; path = iosappTests.m; sourceTree = "<group>"; };
		D68B44F51A818486001D306C /* RestApi.h */ = {isa = PBXFileReference; fileEncoding = 4; lastKnownFileType = sourcecode.c.h; path = RestApi.h; sourceTree = "<group>"; };
		D68B44F61A818486001D306C /* RestApi.m */ = {isa = PBXFileReference; fileEncoding = 4; lastKnownFileType = sourcecode.c.objc; path = RestApi.m; sourceTree = "<group>"; };
		D68B44F91A81DFCC001D306C /* PartyList.h */ = {isa = PBXFileReference; fileEncoding = 4; lastKnownFileType = sourcecode.c.h; path = PartyList.h; sourceTree = "<group>"; };
		D68B44FA1A81DFCC001D306C /* PartyList.m */ = {isa = PBXFileReference; fileEncoding = 4; lastKnownFileType = sourcecode.c.objc; path = PartyList.m; sourceTree = "<group>"; };
		D68B44FC1A81E6EF001D306C /* Party.h */ = {isa = PBXFileReference; fileEncoding = 4; lastKnownFileType = sourcecode.c.h; path = Party.h; sourceTree = "<group>"; };
		D68B44FD1A81E6EF001D306C /* Party.m */ = {isa = PBXFileReference; fileEncoding = 4; lastKnownFileType = sourcecode.c.objc; path = Party.m; sourceTree = "<group>"; };
		D69748281A8088F8006004D1 /* BaseScene.m */ = {isa = PBXFileReference; fileEncoding = 4; lastKnownFileType = sourcecode.c.objc; path = BaseScene.m; sourceTree = "<group>"; };
		D697482A1A808931006004D1 /* BaseScene.h */ = {isa = PBXFileReference; fileEncoding = 4; lastKnownFileType = sourcecode.c.h; path = BaseScene.h; sourceTree = "<group>"; };
		D697482D1A808FF8006004D1 /* PartyScene.h */ = {isa = PBXFileReference; fileEncoding = 4; lastKnownFileType = sourcecode.c.h; path = PartyScene.h; sourceTree = "<group>"; };
		D697482E1A808FF8006004D1 /* PartyScene.m */ = {isa = PBXFileReference; fileEncoding = 4; lastKnownFileType = sourcecode.c.objc; path = PartyScene.m; sourceTree = "<group>"; };
		D69748301A80902E006004D1 /* AskingScene.h */ = {isa = PBXFileReference; fileEncoding = 4; lastKnownFileType = sourcecode.c.h; path = AskingScene.h; sourceTree = "<group>"; };
		D69748311A80902E006004D1 /* AskingScene.m */ = {isa = PBXFileReference; fileEncoding = 4; lastKnownFileType = sourcecode.c.objc; path = AskingScene.m; sourceTree = "<group>"; };
		D69748341A809178006004D1 /* PartySceneModel.h */ = {isa = PBXFileReference; fileEncoding = 4; lastKnownFileType = sourcecode.c.h; path = PartySceneModel.h; sourceTree = "<group>"; };
		D69748351A809178006004D1 /* PartySceneModel.m */ = {isa = PBXFileReference; fileEncoding = 4; lastKnownFileType = sourcecode.c.objc; path = PartySceneModel.m; sourceTree = "<group>"; };
		D69748371A809417006004D1 /* LoaderScene.h */ = {isa = PBXFileReference; fileEncoding = 4; lastKnownFileType = sourcecode.c.h; path = LoaderScene.h; sourceTree = "<group>"; };
		D69748381A809417006004D1 /* LoaderScene.m */ = {isa = PBXFileReference; fileEncoding = 4; lastKnownFileType = sourcecode.c.objc; path = LoaderScene.m; sourceTree = "<group>"; };
		D697483A1A80F48C006004D1 /* BaseSceneModel.h */ = {isa = PBXFileReference; fileEncoding = 4; lastKnownFileType = sourcecode.c.h; path = BaseSceneModel.h; sourceTree = "<group>"; };
		D697483B1A80F48C006004D1 /* BaseSceneModel.m */ = {isa = PBXFileReference; fileEncoding = 4; lastKnownFileType = sourcecode.c.objc; path = BaseSceneModel.m; sourceTree = "<group>"; };
		D697483D1A80F864006004D1 /* AskingSceneModel.h */ = {isa = PBXFileReference; fileEncoding = 4; lastKnownFileType = sourcecode.c.h; path = AskingSceneModel.h; sourceTree = "<group>"; };
		D697483E1A80F864006004D1 /* AskingSceneModel.m */ = {isa = PBXFileReference; fileEncoding = 4; lastKnownFileType = sourcecode.c.objc; path = AskingSceneModel.m; sourceTree = "<group>"; };
		DCCE54AD975929494FE5A76D /* libPods.a */ = {isa = PBXFileReference; explicitFileType = archive.ar; includeInIndex = 0; path = libPods.a; sourceTree = BUILT_PRODUCTS_DIR; };
/* End PBXFileReference section */

/* Begin PBXFrameworksBuildPhase section */
		D62A39AA1A7F0AB9007347B5 /* Frameworks */ = {
			isa = PBXFrameworksBuildPhase;
			buildActionMask = 2147483647;
			files = (
				4A39A89232F472FAA868B4EB /* libPods.a in Frameworks */,
			);
			runOnlyForDeploymentPostprocessing = 0;
		};
		D62A39C61A7F0AB9007347B5 /* Frameworks */ = {
			isa = PBXFrameworksBuildPhase;
			buildActionMask = 2147483647;
			files = (
			);
			runOnlyForDeploymentPostprocessing = 0;
		};
/* End PBXFrameworksBuildPhase section */

/* Begin PBXGroup section */
		18D3573A9CB648772CCE24C6 /* Frameworks */ = {
			isa = PBXGroup;
			children = (
				DCCE54AD975929494FE5A76D /* libPods.a */,
			);
			name = Frameworks;
			sourceTree = "<group>";
		};
		730D0F1CE9848B4ED9A15172 /* Pods */ = {
			isa = PBXGroup;
			children = (
				57BF2565B97FD670D003AC9D /* Pods.debug.xcconfig */,
				37FF956BF805A7F61E92BD4C /* Pods.release.xcconfig */,
			);
			name = Pods;
			sourceTree = "<group>";
		};
		D62A39A41A7F0AB9007347B5 = {
			isa = PBXGroup;
			children = (
				D62A39AF1A7F0AB9007347B5 /* iosapp */,
				D62A39CC1A7F0AB9007347B5 /* iosappTests */,
				D62A39AE1A7F0AB9007347B5 /* Products */,
				730D0F1CE9848B4ED9A15172 /* Pods */,
				18D3573A9CB648772CCE24C6 /* Frameworks */,
			);
			sourceTree = "<group>";
		};
		D62A39AE1A7F0AB9007347B5 /* Products */ = {
			isa = PBXGroup;
			children = (
				D62A39AD1A7F0AB9007347B5 /* iosapp.app */,
				D62A39C91A7F0AB9007347B5 /* iosappTests.xctest */,
			);
			name = Products;
			sourceTree = "<group>";
		};
		D62A39AF1A7F0AB9007347B5 /* iosapp */ = {
			isa = PBXGroup;
			children = (
				D69748241A808862006004D1 /* Home */,
				D62A39B41A7F0AB9007347B5 /* AppDelegate.h */,
				D62A39B51A7F0AB9007347B5 /* AppDelegate.m */,
				D62A39BD1A7F0AB9007347B5 /* Main.storyboard */,
				D62A39C01A7F0AB9007347B5 /* Images.xcassets */,
				D62A39B01A7F0AB9007347B5 /* Supporting Files */,
			);
			path = iosapp;
			sourceTree = "<group>";
		};
		D62A39B01A7F0AB9007347B5 /* Supporting Files */ = {
			isa = PBXGroup;
			children = (
				D62A39B11A7F0AB9007347B5 /* Info.plist */,
				D62A39B21A7F0AB9007347B5 /* main.m */,
			);
			name = "Supporting Files";
			sourceTree = "<group>";
		};
		D62A39CC1A7F0AB9007347B5 /* iosappTests */ = {
			isa = PBXGroup;
			children = (
				D62A39CF1A7F0AB9007347B5 /* iosappTests.m */,
				D62A39CD1A7F0AB9007347B5 /* Supporting Files */,
			);
			path = iosappTests;
			sourceTree = "<group>";
		};
		D62A39CD1A7F0AB9007347B5 /* Supporting Files */ = {
			isa = PBXGroup;
			children = (
				D62A39CE1A7F0AB9007347B5 /* Info.plist */,
			);
			name = "Supporting Files";
			sourceTree = "<group>";
		};
		D68B44F41A81816F001D306C /* Api */ = {
			isa = PBXGroup;
			children = (
				D68B44F51A818486001D306C /* RestApi.h */,
				D68B44F61A818486001D306C /* RestApi.m */,
			);
			path = Api;
			sourceTree = "<group>";
		};
		D68B44F81A81DFB4001D306C /* Model */ = {
			isa = PBXGroup;
			children = (
				D68B44F91A81DFCC001D306C /* PartyList.h */,
				D68B44FA1A81DFCC001D306C /* PartyList.m */,
				D68B44FC1A81E6EF001D306C /* Party.h */,
				D68B44FD1A81E6EF001D306C /* Party.m */,
			);
			path = Model;
			sourceTree = "<group>";
		};
		D69748241A808862006004D1 /* Home */ = {
			isa = PBXGroup;
			children = (
				D68B44F81A81DFB4001D306C /* Model */,
				D68B44F41A81816F001D306C /* Api */,
				D69748331A80915E006004D1 /* SceneModel */,
				D69748261A8088C1006004D1 /* Scene */,
			);
			path = Home;
			sourceTree = "<group>";
		};
		D69748261A8088C1006004D1 /* Scene */ = {
			isa = PBXGroup;
			children = (
				D697482B1A808FD3006004D1 /* Asking */,
				D697482C1A808FD3006004D1 /* Party */,
				D69748271A8088C1006004D1 /* Base */,
			);
			path = Scene;
			sourceTree = "<group>";
		};
		D69748271A8088C1006004D1 /* Base */ = {
			isa = PBXGroup;
			children = (
				D69748281A8088F8006004D1 /* BaseScene.m */,
				D697482A1A808931006004D1 /* BaseScene.h */,
				D69748371A809417006004D1 /* LoaderScene.h */,
				D69748381A809417006004D1 /* LoaderScene.m */,
			);
			path = Base;
			sourceTree = "<group>";
		};
		D697482B1A808FD3006004D1 /* Asking */ = {
			isa = PBXGroup;
			children = (
				D69748301A80902E006004D1 /* AskingScene.h */,
				D69748311A80902E006004D1 /* AskingScene.m */,
			);
			path = Asking;
			sourceTree = "<group>";
		};
		D697482C1A808FD3006004D1 /* Party */ = {
			isa = PBXGroup;
			children = (
				D697482D1A808FF8006004D1 /* PartyScene.h */,
				D697482E1A808FF8006004D1 /* PartyScene.m */,
			);
			path = Party;
			sourceTree = "<group>";
		};
		D69748331A80915E006004D1 /* SceneModel */ = {
			isa = PBXGroup;
			children = (
				D69748341A809178006004D1 /* PartySceneModel.h */,
				D69748351A809178006004D1 /* PartySceneModel.m */,
				D697483A1A80F48C006004D1 /* BaseSceneModel.h */,
				D697483B1A80F48C006004D1 /* BaseSceneModel.m */,
				D697483D1A80F864006004D1 /* AskingSceneModel.h */,
				D697483E1A80F864006004D1 /* AskingSceneModel.m */,
			);
			path = SceneModel;
			sourceTree = "<group>";
		};
/* End PBXGroup section */

/* Begin PBXNativeTarget section */
		D62A39AC1A7F0AB9007347B5 /* iosapp */ = {
			isa = PBXNativeTarget;
			buildConfigurationList = D62A39D31A7F0AB9007347B5 /* Build configuration list for PBXNativeTarget "iosapp" */;
			buildPhases = (
				0A3CCE6939BF5C7442156ED3 /* Check Pods Manifest.lock */,
				D62A39A91A7F0AB9007347B5 /* Sources */,
				D62A39AA1A7F0AB9007347B5 /* Frameworks */,
				D62A39AB1A7F0AB9007347B5 /* Resources */,
				4847BCDCD16F0E0A9F15C7BF /* Copy Pods Resources */,
			);
			buildRules = (
			);
			dependencies = (
			);
			name = iosapp;
			productName = iosapp;
			productReference = D62A39AD1A7F0AB9007347B5 /* iosapp.app */;
			productType = "com.apple.product-type.application";
		};
		D62A39C81A7F0AB9007347B5 /* iosappTests */ = {
			isa = PBXNativeTarget;
			buildConfigurationList = D62A39D61A7F0AB9007347B5 /* Build configuration list for PBXNativeTarget "iosappTests" */;
			buildPhases = (
				D62A39C51A7F0AB9007347B5 /* Sources */,
				D62A39C61A7F0AB9007347B5 /* Frameworks */,
				D62A39C71A7F0AB9007347B5 /* Resources */,
			);
			buildRules = (
			);
			dependencies = (
				D62A39CB1A7F0AB9007347B5 /* PBXTargetDependency */,
			);
			name = iosappTests;
			productName = iosappTests;
			productReference = D62A39C91A7F0AB9007347B5 /* iosappTests.xctest */;
			productType = "com.apple.product-type.bundle.unit-test";
		};
/* End PBXNativeTarget section */

/* Begin PBXProject section */
		D62A39A51A7F0AB9007347B5 /* Project object */ = {
			isa = PBXProject;
			attributes = {
				LastUpgradeCheck = 0610;
				ORGANIZATIONNAME = "YU XING TECHNOLOGY PTY. LTD.";
				TargetAttributes = {
					D62A39AC1A7F0AB9007347B5 = {
						CreatedOnToolsVersion = 6.1.1;
					};
					D62A39C81A7F0AB9007347B5 = {
						CreatedOnToolsVersion = 6.1.1;
						TestTargetID = D62A39AC1A7F0AB9007347B5;
					};
				};
			};
			buildConfigurationList = D62A39A81A7F0AB9007347B5 /* Build configuration list for PBXProject "iosapp" */;
			compatibilityVersion = "Xcode 3.2";
			developmentRegion = English;
			hasScannedForEncodings = 0;
			knownRegions = (
				en,
				Base,
			);
			mainGroup = D62A39A41A7F0AB9007347B5;
			productRefGroup = D62A39AE1A7F0AB9007347B5 /* Products */;
			projectDirPath = "";
			projectRoot = "";
			targets = (
				D62A39AC1A7F0AB9007347B5 /* iosapp */,
				D62A39C81A7F0AB9007347B5 /* iosappTests */,
			);
		};
/* End PBXProject section */

/* Begin PBXResourcesBuildPhase section */
		D62A39AB1A7F0AB9007347B5 /* Resources */ = {
			isa = PBXResourcesBuildPhase;
			buildActionMask = 2147483647;
			files = (
				D62A39BF1A7F0AB9007347B5 /* Main.storyboard in Resources */,
				D62A39C11A7F0AB9007347B5 /* Images.xcassets in Resources */,
			);
			runOnlyForDeploymentPostprocessing = 0;
		};
		D62A39C71A7F0AB9007347B5 /* Resources */ = {
			isa = PBXResourcesBuildPhase;
			buildActionMask = 2147483647;
			files = (
			);
			runOnlyForDeploymentPostprocessing = 0;
		};
/* End PBXResourcesBuildPhase section */

/* Begin PBXShellScriptBuildPhase section */
		0A3CCE6939BF5C7442156ED3 /* Check Pods Manifest.lock */ = {
			isa = PBXShellScriptBuildPhase;
			buildActionMask = 2147483647;
			files = (
			);
			inputPaths = (
			);
			name = "Check Pods Manifest.lock";
			outputPaths = (
			);
			runOnlyForDeploymentPostprocessing = 0;
			shellPath = /bin/sh;
			shellScript = "diff \"${PODS_ROOT}/../Podfile.lock\" \"${PODS_ROOT}/Manifest.lock\" > /dev/null\nif [[ $? != 0 ]] ; then\n    cat << EOM\nerror: The sandbox is not in sync with the Podfile.lock. Run 'pod install' or update your CocoaPods installation.\nEOM\n    exit 1\nfi\n";
			showEnvVarsInLog = 0;
		};
		4847BCDCD16F0E0A9F15C7BF /* Copy Pods Resources */ = {
			isa = PBXShellScriptBuildPhase;
			buildActionMask = 2147483647;
			files = (
			);
			inputPaths = (
			);
			name = "Copy Pods Resources";
			outputPaths = (
			);
			runOnlyForDeploymentPostprocessing = 0;
			shellPath = /bin/sh;
			shellScript = "\"${SRCROOT}/Pods/Target Support Files/Pods/Pods-resources.sh\"\n";
			showEnvVarsInLog = 0;
		};
/* End PBXShellScriptBuildPhase section */

/* Begin PBXSourcesBuildPhase section */
		D62A39A91A7F0AB9007347B5 /* Sources */ = {
			isa = PBXSourcesBuildPhase;
			buildActionMask = 2147483647;
			files = (
				D68B44FB1A81DFCC001D306C /* PartyList.m in Sources */,
				D62A39B61A7F0AB9007347B5 /* AppDelegate.m in Sources */,
				D69748391A809417006004D1 /* LoaderScene.m in Sources */,
				D697482F1A808FF8006004D1 /* PartyScene.m in Sources */,
				D69748291A8088F8006004D1 /* BaseScene.m in Sources */,
				D68B44F71A818486001D306C /* RestApi.m in Sources */,
				D68B44FE1A81E6EF001D306C /* Party.m in Sources */,
				D697483F1A80F864006004D1 /* AskingSceneModel.m in Sources */,
				D69748361A809178006004D1 /* PartySceneModel.m in Sources */,
				D697483C1A80F48C006004D1 /* BaseSceneModel.m in Sources */,
				D62A39B31A7F0AB9007347B5 /* main.m in Sources */,
				D69748321A80902E006004D1 /* AskingScene.m in Sources */,
			);
			runOnlyForDeploymentPostprocessing = 0;
		};
		D62A39C51A7F0AB9007347B5 /* Sources */ = {
			isa = PBXSourcesBuildPhase;
			buildActionMask = 2147483647;
			files = (
				D62A39D01A7F0AB9007347B5 /* iosappTests.m in Sources */,
			);
			runOnlyForDeploymentPostprocessing = 0;
		};
/* End PBXSourcesBuildPhase section */

/* Begin PBXTargetDependency section */
		D62A39CB1A7F0AB9007347B5 /* PBXTargetDependency */ = {
			isa = PBXTargetDependency;
			target = D62A39AC1A7F0AB9007347B5 /* iosapp */;
			targetProxy = D62A39CA1A7F0AB9007347B5 /* PBXContainerItemProxy */;
		};
/* End PBXTargetDependency section */

/* Begin PBXVariantGroup section */
		D62A39BD1A7F0AB9007347B5 /* Main.storyboard */ = {
			isa = PBXVariantGroup;
			children = (
				D62A39BE1A7F0AB9007347B5 /* Base */,
			);
			name = Main.storyboard;
			sourceTree = "<group>";
		};
/* End PBXVariantGroup section */

/* Begin XCBuildConfiguration section */
		D62A39D11A7F0AB9007347B5 /* Debug */ = {
			isa = XCBuildConfiguration;
			buildSettings = {
				ALWAYS_SEARCH_USER_PATHS = NO;
				CLANG_CXX_LANGUAGE_STANDARD = "gnu++0x";
				CLANG_CXX_LIBRARY = "libc++";
				CLANG_ENABLE_MODULES = YES;
				CLANG_ENABLE_OBJC_ARC = YES;
				CLANG_WARN_BOOL_CONVERSION = YES;
				CLANG_WARN_CONSTANT_CONVERSION = YES;
				CLANG_WARN_DIRECT_OBJC_ISA_USAGE = YES_ERROR;
				CLANG_WARN_EMPTY_BODY = YES;
				CLANG_WARN_ENUM_CONVERSION = YES;
				CLANG_WARN_INT_CONVERSION = YES;
				CLANG_WARN_OBJC_ROOT_CLASS = YES_ERROR;
				CLANG_WARN_UNREACHABLE_CODE = YES;
				CLANG_WARN__DUPLICATE_METHOD_MATCH = YES;
				"CODE_SIGN_IDENTITY[sdk=iphoneos*]" = "iPhone Developer";
				COPY_PHASE_STRIP = NO;
				ENABLE_STRICT_OBJC_MSGSEND = YES;
				GCC_C_LANGUAGE_STANDARD = gnu99;
				GCC_DYNAMIC_NO_PIC = NO;
				GCC_OPTIMIZATION_LEVEL = 0;
				GCC_PREPROCESSOR_DEFINITIONS = (
					"DEBUG=1",
					"$(inherited)",
				);
				GCC_SYMBOLS_PRIVATE_EXTERN = NO;
				GCC_WARN_64_TO_32_BIT_CONVERSION = YES;
				GCC_WARN_ABOUT_RETURN_TYPE = YES_ERROR;
				GCC_WARN_UNDECLARED_SELECTOR = YES;
				GCC_WARN_UNINITIALIZED_AUTOS = YES_AGGRESSIVE;
				GCC_WARN_UNUSED_FUNCTION = YES;
				GCC_WARN_UNUSED_VARIABLE = YES;
				IPHONEOS_DEPLOYMENT_TARGET = 8.1;
				MTL_ENABLE_DEBUG_INFO = YES;
				ONLY_ACTIVE_ARCH = YES;
				SDKROOT = iphoneos;
			};
			name = Debug;
		};
		D62A39D21A7F0AB9007347B5 /* Release */ = {
			isa = XCBuildConfiguration;
			buildSettings = {
				ALWAYS_SEARCH_USER_PATHS = NO;
				CLANG_CXX_LANGUAGE_STANDARD = "gnu++0x";
				CLANG_CXX_LIBRARY = "libc++";
				CLANG_ENABLE_MODULES = YES;
				CLANG_ENABLE_OBJC_ARC = YES;
				CLANG_WARN_BOOL_CONVERSION = YES;
				CLANG_WARN_CONSTANT_CONVERSION = YES;
				CLANG_WARN_DIRECT_OBJC_ISA_USAGE = YES_ERROR;
				CLANG_WARN_EMPTY_BODY = YES;
				CLANG_WARN_ENUM_CONVERSION = YES;
				CLANG_WARN_INT_CONVERSION = YES;
				CLANG_WARN_OBJC_ROOT_CLASS = YES_ERROR;
				CLANG_WARN_UNREACHABLE_CODE = YES;
				CLANG_WARN__DUPLICATE_METHOD_MATCH = YES;
				"CODE_SIGN_IDENTITY[sdk=iphoneos*]" = "iPhone Developer";
				COPY_PHASE_STRIP = YES;
				ENABLE_NS_ASSERTIONS = NO;
				ENABLE_STRICT_OBJC_MSGSEND = YES;
				GCC_C_LANGUAGE_STANDARD = gnu99;
				GCC_WARN_64_TO_32_BIT_CONVERSION = YES;
				GCC_WARN_ABOUT_RETURN_TYPE = YES_ERROR;
				GCC_WARN_UNDECLARED_SELECTOR = YES;
				GCC_WARN_UNINITIALIZED_AUTOS = YES_AGGRESSIVE;
				GCC_WARN_UNUSED_FUNCTION = YES;
				GCC_WARN_UNUSED_VARIABLE = YES;
				IPHONEOS_DEPLOYMENT_TARGET = 8.1;
				MTL_ENABLE_DEBUG_INFO = NO;
				SDKROOT = iphoneos;
				VALIDATE_PRODUCT = YES;
			};
			name = Release;
		};
		D62A39D41A7F0AB9007347B5 /* Debug */ = {
			isa = XCBuildConfiguration;
			baseConfigurationReference = 57BF2565B97FD670D003AC9D /* Pods.debug.xcconfig */;
			buildSettings = {
				ASSETCATALOG_COMPILER_APPICON_NAME = AppIcon;
				FRAMEWORK_SEARCH_PATHS = "";
				INFOPLIST_FILE = iosapp/Info.plist;
				LD_RUNPATH_SEARCH_PATHS = "$(inherited) @executable_path/Frameworks";
				PRODUCT_NAME = "$(TARGET_NAME)";
			};
			name = Debug;
		};
		D62A39D51A7F0AB9007347B5 /* Release */ = {
			isa = XCBuildConfiguration;
			baseConfigurationReference = 37FF956BF805A7F61E92BD4C /* Pods.release.xcconfig */;
			buildSettings = {
				ASSETCATALOG_COMPILER_APPICON_NAME = AppIcon;
				FRAMEWORK_SEARCH_PATHS = "$(inherited)";
				INFOPLIST_FILE = iosapp/Info.plist;
				LD_RUNPATH_SEARCH_PATHS = "$(inherited) @executable_path/Frameworks";
				PRODUCT_NAME = "$(TARGET_NAME)";
			};
			name = Release;
		};
		D62A39D71A7F0AB9007347B5 /* Debug */ = {
			isa = XCBuildConfiguration;
			buildSettings = {
				BUNDLE_LOADER = "$(TEST_HOST)";
				FRAMEWORK_SEARCH_PATHS = (
					"$(SDKROOT)/Developer/Library/Frameworks",
					"$(inherited)",
				);
				GCC_PREPROCESSOR_DEFINITIONS = (
					"DEBUG=1",
					"$(inherited)",
				);
				INFOPLIST_FILE = iosappTests/Info.plist;
				LD_RUNPATH_SEARCH_PATHS = "$(inherited) @executable_path/Frameworks @loader_path/Frameworks";
				PRODUCT_NAME = "$(TARGET_NAME)";
				TEST_HOST = "$(BUILT_PRODUCTS_DIR)/iosapp.app/iosapp";
			};
			name = Debug;
		};
		D62A39D81A7F0AB9007347B5 /* Release */ = {
			isa = XCBuildConfiguration;
			buildSettings = {
				BUNDLE_LOADER = "$(TEST_HOST)";
				FRAMEWORK_SEARCH_PATHS = (
					"$(SDKROOT)/Developer/Library/Frameworks",
					"$(inherited)",
				);
				INFOPLIST_FILE = iosappTests/Info.plist;
				LD_RUNPATH_SEARCH_PATHS = "$(inherited) @executable_path/Frameworks @loader_path/Frameworks";
				PRODUCT_NAME = "$(TARGET_NAME)";
				TEST_HOST = "$(BUILT_PRODUCTS_DIR)/iosapp.app/iosapp";
			};
			name = Release;
		};
/* End XCBuildConfiguration section */

/* Begin XCConfigurationList section */
		D62A39A81A7F0AB9007347B5 /* Build configuration list for PBXProject "iosapp" */ = {
			isa = XCConfigurationList;
			buildConfigurations = (
				D62A39D11A7F0AB9007347B5 /* Debug */,
				D62A39D21A7F0AB9007347B5 /* Release */,
			);
			defaultConfigurationIsVisible = 0;
			defaultConfigurationName = Release;
		};
		D62A39D31A7F0AB9007347B5 /* Build configuration list for PBXNativeTarget "iosapp" */ = {
			isa = XCConfigurationList;
			buildConfigurations = (
				D62A39D41A7F0AB9007347B5 /* Debug */,
				D62A39D51A7F0AB9007347B5 /* Release */,
			);
			defaultConfigurationIsVisible = 0;
			defaultConfigurationName = Release;
		};
		D62A39D61A7F0AB9007347B5 /* Build configuration list for PBXNativeTarget "iosappTests" */ = {
			isa = XCConfigurationList;
			buildConfigurations = (
				D62A39D71A7F0AB9007347B5 /* Debug */,
				D62A39D81A7F0AB9007347B5 /* Release */,
			);
			defaultConfigurationIsVisible = 0;
			defaultConfigurationName = Release;
		};
/* End XCConfigurationList section */
	};
	rootObject = D62A39A51A7F0AB9007347B5 /* Project object */;
}
