PODS:
  - AFNetworkActivityLogger (2.0.4):
    - AFNetworking/NSURLConnection (~> 2.0)
    - AFNetworking/NSURLSession (~> 2.0)
  - AFNetworking (2.5.4):
    - AFNetworking/NSURLConnection (= 2.5.4)
    - AFNetworking/NSURLSession (= 2.5.4)
    - AFNetworking/Reachability (= 2.5.4)
    - AFNetworking/Security (= 2.5.4)
    - AFNetworking/Serialization (= 2.5.4)
    - AFNetworking/UIKit (= 2.5.4)
  - AFNetworking/NSURLConnection (2.5.4):
    - AFNetworking/Reachability
    - AFNetworking/Security
    - AFNetworking/Serialization
  - AFNetworking/NSURLSession (2.5.4):
    - AFNetworking/Reachability
    - AFNetworking/Security
    - AFNetworking/Serialization
  - AFNetworking/Reachability (2.5.4)
  - AFNetworking/Security (2.5.4)
  - AFNetworking/Serialization (2.5.4)
  - AFNetworking/UIKit (2.5.4):
    - AFNetworking/NSURLConnection
    - AFNetworking/NSURLSession
  - EaseMobSDK (2.1.8)
  - EasyIOS (2.2.2):
    - EasyIOS/Easy (= 2.2.2)
  - EasyIOS-Extention (1.2):
    - EasyIOS-Extention/EasyExtention (= 1.2)
  - EasyIOS-Extention/EasyExtention (1.2):
    - IQKeyboardManager
    - RegExCategories
    - RMUniversalAlert
    - TTTAttributedLabel
    - UICKeyChainStore
    - XAspect
  - EasyIOS/Easy (2.2.2):
    - AFNetworking
    - FLKAutoLayout (= 0.1.1)
    - FontIcon
    - GCDObjC
    - MBProgressHUD
    - MojoDatabase
    - ReactiveCocoa (= 2.4.4)
    - TMCache
    - UIActivityIndicator-for-SDWebImage
  - FLEX (2.0.3)
  - FLKAutoLayout (0.1.1)
  - FontIcon (1.0)
  - GCDObjC (0.2.0)
  - HexColors (2.2.1)
  - IQKeyboardManager (3.2.4)
  - JSQMessagesViewController (7.1.0):
    - JSQSystemSoundPlayer (~> 2.0.1)
  - JSQSystemSoundPlayer (2.0.1)
  - JVFloatLabeledTextField (1.1.0)
  - MBProgressHUD (0.9.1)
  - MojoDatabase (1.4)
  - ReactiveCocoa (2.4.4):
    - ReactiveCocoa/UI (= 2.4.4)
  - ReactiveCocoa/Core (2.4.4):
    - ReactiveCocoa/no-arc
  - ReactiveCocoa/no-arc (2.4.4)
  - ReactiveCocoa/UI (2.4.4):
    - ReactiveCocoa/Core
  - RegExCategories (1.0)
  - RMUniversalAlert (0.7):
    - RMUniversalAlert/Core (= 0.7)
  - RMUniversalAlert/Core (0.7):
    - UIActionSheet+Blocks (>= 0.9)
    - UIAlertController+Blocks (>= 0.9)
    - UIAlertView+Blocks (>= 0.9)
  - SDWebImage (3.7.3):
    - SDWebImage/Core (= 3.7.3)
  - SDWebImage/Core (3.7.3)
  - SWTableViewCell (0.3.7)
  - TMCache (2.1.0)
  - TOWebViewController (2.0.17)
  - TSMessages (0.9.12):
    - HexColors (~> 2.2.0)
  - TTTAttributedLabel (1.13.4)
  - UIActionSheet+Blocks (0.9)
  - UIActivityIndicator-for-SDWebImage (1.2):
    - SDWebImage (~> 3.7)
  - UIAlertController+Blocks (0.9)
  - UIAlertView+Blocks (0.9)
  - UICKeyChainStore (2.0.6)
  - UIColor+MLPFlatColors (1.0)
  - UITableView+FDTemplateLayoutCell (1.3)
  - UMAnalytics (3.5.9)
  - XAspect (1.0.4):
    - XAspect/Core (= 1.0.4)
    - XAspect/Macros (= 1.0.4)
  - XAspect/Core (1.0.4):
    - XAspect/Macros
  - XAspect/Macros (1.0.4)

DEPENDENCIES:
  - AFNetworkActivityLogger (~> 2.0.4)
  - EaseMobSDK (from `https://github.com/easemob/sdk-ios-cocoapods.git`)
  - EasyIOS (from `https://github.com/zhuchaowe/EasyIOS.git`)
  - EasyIOS-Extention (~> 1.2)
  - FLEX
  - JSQMessagesViewController
  - JVFloatLabeledTextField
  - SWTableViewCell (~> 0.3.7)
  - TOWebViewController (~> 2.0.13)
  - TSMessages
  - UIColor+MLPFlatColors (~> 1.0)
  - UITableView+FDTemplateLayoutCell (~> 1.3)
  - UMAnalytics (from `https://github.com/jcccn/UMeng-Analytics-iOS.git`)

EXTERNAL SOURCES:
  EaseMobSDK:
    :git: https://github.com/easemob/sdk-ios-cocoapods.git
  EasyIOS:
    :git: https://github.com/zhuchaowe/EasyIOS.git
  UMAnalytics:
    :git: https://github.com/jcccn/UMeng-Analytics-iOS.git

CHECKOUT OPTIONS:
  EaseMobSDK:
    :commit: d4fdf30a087825779f6d3def7a7dfdef6d4cea9c
    :git: https://github.com/easemob/sdk-ios-cocoapods.git
  EasyIOS:
    :commit: 684015ed0356b7edf4fa24ce3ba3398e1e66fb96
    :git: https://github.com/zhuchaowe/EasyIOS.git
  UMAnalytics:
    :commit: 9cdd9857126c01aa10a97c041408d92dd7094569
    :git: https://github.com/jcccn/UMeng-Analytics-iOS.git

SPEC CHECKSUMS:
  AFNetworkActivityLogger: 121486778117d53b3ab1c61d264b88081d0c3eee
  AFNetworking: 05edc0ac4c4c8cf57bcf4b84be5b0744b6d8e71e
  EaseMobSDK: 639251847fa6de8cd752a6d4ca841e1753903683
  EasyIOS: 5f8c2110b4d0818aa78de068dc001c5c344de7a6
  EasyIOS-Extention: c7e402e8b2497760955510228771512c37110aa2
  FLEX: 4f04fe0b0594163c00879e2b3db888e5ae37c8d5
  FLKAutoLayout: 95b12c5cd9652100235140b68652f063f7437851
  FontIcon: 24a07541244227b865e689217efd7d049ba7cc43
  GCDObjC: adcd9941029e3628de539347d3a6777470a65998
  HexColors: abfd172e329dab59888614ccba6f216cec59289d
  IQKeyboardManager: 555b1231fefafb21b19278d7cca72986a27b748b
  JSQMessagesViewController: ca11f86fa68ca70835f05e169df9244147c1dc40
  JSQSystemSoundPlayer: c5850e77a4363ffd374cd851154b9af93264ed8d
  JVFloatLabeledTextField: ea4a3d8387ddd43724c472bb2b8ab39b79af05d4
  MBProgressHUD: c47f2c166c126cf2ce36498d80f33e754d4e93ad
  MojoDatabase: 02e3eb98510b69033ab537156969d1f76b4f369e
  ReactiveCocoa: cbe3b5eae464aa72a348a7323996b171728a9e71
  RegExCategories: e68befacacd5bda853c88f70ec745cb2d0cfb89c
  RMUniversalAlert: bce2ca406c24065b76665725c83e48006e8f65f8
  SDWebImage: 1d2b1a1efda1ade1b00b6f8498865f8ddedc8a84
  SWTableViewCell: 2a94aadc9d47b2b611fa064566bf57948b95b579
  TMCache: 95ebcc9b3c7e90fb5fd8fc3036cba3aa781c9bed
  TOWebViewController: aada427e7eba199bbaee77ddee3243c8172f4053
  TSMessages: c8cc7b80f2a833af533872cd02010cac061532cc
  TTTAttributedLabel: 0a2ac7b2dd726d32a070dafb01446026b11e624f
  UIActionSheet+Blocks: e180b7dad0a721ab7f212ac9742af799008bb358
  UIActivityIndicator-for-SDWebImage: 7bf7ebbf0ed1747dedc0d6e949c4603a6d0f9e0c
  UIAlertController+Blocks: b48c673ff60726da468b32ab21bbc7683512d45b
  UIAlertView+Blocks: a46c99c5144f6c5dbc7d62fd2a0678daceec89a3
  UICKeyChainStore: c5719c814e8bd69e74e4a0fc09daf8f4d6257a59
  UIColor+MLPFlatColors: 14deb8f28da06ab8918c14231d4ff49ca7cd384a
  UITableView+FDTemplateLayoutCell: d5be6056b5060313f5955a2590ecd33142ad713d
  UMAnalytics: f082625faade5171846f3d3f8de5818e806a76cd
  XAspect: abacabc6d828c2933812a966adca9b131504cfac

COCOAPODS: 0.37.2
